<?xml version="1.0"?>
<Project ToolsVersion="4.0" xmlns="http://schemas.microsoft.com/developer/msbuild/2003">
	<ItemGroup>
		<ClCompile Include="src\ofApp.cpp">
			<Filter>src</Filter>
		</ClCompile>
		<ClCompile Include="src\main.cpp">
			<Filter>src</Filter>
		</ClCompile>
		<ClCompile Include="src\ConstTools.cpp">
			<Filter>src</Filter>
		</ClCompile>
		<ClCompile Include="src\main.cpp">
			<Filter>src</Filter>
		</ClCompile>
		<ClCompile Include="src\ofApp.cpp">
			<Filter>src</Filter>
		</ClCompile>
		<ClCompile Include="src\saliencyTools.cpp">
			<Filter>src</Filter>
		</ClCompile>
		<ClCompile Include="..\..\..\addons\ofxCv\libs\CLD\src\ETF.cpp">
			<Filter>addons\ofxCv\libs\CLD\src</Filter>
		</ClCompile>
		<ClCompile Include="..\..\..\addons\ofxCv\libs\CLD\src\fdog.cpp">
			<Filter>addons\ofxCv\libs\CLD\src</Filter>
		</ClCompile>
		<ClCompile Include="..\..\..\addons\ofxCv\libs\ofxCv\src\Calibration.cpp">
			<Filter>addons\ofxCv\libs\ofxCv\src</Filter>
		</ClCompile>
		<ClCompile Include="..\..\..\addons\ofxCv\libs\ofxCv\src\ContourFinder.cpp">
			<Filter>addons\ofxCv\libs\ofxCv\src</Filter>
		</ClCompile>
		<ClCompile Include="..\..\..\addons\ofxCv\libs\ofxCv\src\Distance.cpp">
			<Filter>addons\ofxCv\libs\ofxCv\src</Filter>
		</ClCompile>
		<ClCompile Include="..\..\..\addons\ofxCv\libs\ofxCv\src\Flow.cpp">
			<Filter>addons\ofxCv\libs\ofxCv\src</Filter>
		</ClCompile>
		<ClCompile Include="..\..\..\addons\ofxCv\libs\ofxCv\src\Helpers.cpp">
			<Filter>addons\ofxCv\libs\ofxCv\src</Filter>
		</ClCompile>
		<ClCompile Include="..\..\..\addons\ofxCv\libs\ofxCv\src\Kalman.cpp">
			<Filter>addons\ofxCv\libs\ofxCv\src</Filter>
		</ClCompile>
		<ClCompile Include="..\..\..\addons\ofxCv\libs\ofxCv\src\ObjectFinder.cpp">
			<Filter>addons\ofxCv\libs\ofxCv\src</Filter>
		</ClCompile>
		<ClCompile Include="..\..\..\addons\ofxCv\libs\ofxCv\src\RunningBackground.cpp">
			<Filter>addons\ofxCv\libs\ofxCv\src</Filter>
		</ClCompile>
		<ClCompile Include="..\..\..\addons\ofxCv\libs\ofxCv\src\Tracker.cpp">
			<Filter>addons\ofxCv\libs\ofxCv\src</Filter>
		</ClCompile>
		<ClCompile Include="..\..\..\addons\ofxCv\libs\ofxCv\src\Utilities.cpp">
			<Filter>addons\ofxCv\libs\ofxCv\src</Filter>
		</ClCompile>
		<ClCompile Include="..\..\..\addons\ofxCv\libs\ofxCv\src\Wrappers.cpp">
			<Filter>addons\ofxCv\libs\ofxCv\src</Filter>
		</ClCompile>
		<ClCompile Include="..\..\..\addons\ofxGui\src\ofxBaseGui.cpp">
			<Filter>addons\ofxGui\src</Filter>
		</ClCompile>
		<ClCompile Include="..\..\..\addons\ofxGui\src\ofxButton.cpp">
			<Filter>addons\ofxGui\src</Filter>
		</ClCompile>
		<ClCompile Include="..\..\..\addons\ofxGui\src\ofxGuiGroup.cpp">
			<Filter>addons\ofxGui\src</Filter>
		</ClCompile>
		<ClCompile Include="..\..\..\addons\ofxGui\src\ofxLabel.cpp">
			<Filter>addons\ofxGui\src</Filter>
		</ClCompile>
		<ClCompile Include="..\..\..\addons\ofxGui\src\ofxPanel.cpp">
			<Filter>addons\ofxGui\src</Filter>
		</ClCompile>
		<ClCompile Include="..\..\..\addons\ofxGui\src\ofxSlider.cpp">
			<Filter>addons\ofxGui\src</Filter>
		</ClCompile>
		<ClCompile Include="..\..\..\addons\ofxGui\src\ofxSliderGroup.cpp">
			<Filter>addons\ofxGui\src</Filter>
		</ClCompile>
		<ClCompile Include="..\..\..\addons\ofxGui\src\ofxToggle.cpp">
			<Filter>addons\ofxGui\src</Filter>
		</ClCompile>
		<ClCompile Include="..\..\..\addons\ofxOpenCv-contrib\src\ofxCvColorImage.cpp">
			<Filter>addons\ofxOpenCv-contrib\src</Filter>
		</ClCompile>
		<ClCompile Include="..\..\..\addons\ofxOpenCv-contrib\src\ofxCvContourFinder.cpp">
			<Filter>addons\ofxOpenCv-contrib\src</Filter>
		</ClCompile>
		<ClCompile Include="..\..\..\addons\ofxOpenCv-contrib\src\ofxCvFloatImage.cpp">
			<Filter>addons\ofxOpenCv-contrib\src</Filter>
		</ClCompile>
		<ClCompile Include="..\..\..\addons\ofxOpenCv-contrib\src\ofxCvGrayscaleImage.cpp">
			<Filter>addons\ofxOpenCv-contrib\src</Filter>
		</ClCompile>
		<ClCompile Include="..\..\..\addons\ofxOpenCv-contrib\src\ofxCvHaarFinder.cpp">
			<Filter>addons\ofxOpenCv-contrib\src</Filter>
		</ClCompile>
		<ClCompile Include="..\..\..\addons\ofxOpenCv-contrib\src\ofxCvImage.cpp">
			<Filter>addons\ofxOpenCv-contrib\src</Filter>
		</ClCompile>
		<ClCompile Include="..\..\..\addons\ofxOpenCv-contrib\src\ofxCvShortImage.cpp">
			<Filter>addons\ofxOpenCv-contrib\src</Filter>
		</ClCompile>
		<ClCompile Include="..\..\..\addons\ofxOsc\src\ofxOscBundle.cpp">
			<Filter>addons\ofxOsc\src</Filter>
		</ClCompile>
		<ClCompile Include="..\..\..\addons\ofxOsc\src\ofxOscMessage.cpp">
			<Filter>addons\ofxOsc\src</Filter>
		</ClCompile>
		<ClCompile Include="..\..\..\addons\ofxOsc\src\ofxOscParameterSync.cpp">
			<Filter>addons\ofxOsc\src</Filter>
		</ClCompile>
		<ClCompile Include="..\..\..\addons\ofxOsc\src\ofxOscReceiver.cpp">
			<Filter>addons\ofxOsc\src</Filter>
		</ClCompile>
		<ClCompile Include="..\..\..\addons\ofxOsc\src\ofxOscSender.cpp">
			<Filter>addons\ofxOsc\src</Filter>
		</ClCompile>
		<ClCompile Include="..\..\..\addons\ofxOsc\libs\oscpack\src\ip\IpEndpointName.cpp">
			<Filter>addons\ofxOsc\libs\oscpack\src\ip</Filter>
		</ClCompile>
		<ClCompile Include="..\..\..\addons\ofxOsc\libs\oscpack\src\ip\win32\NetworkingUtils.cpp">
			<Filter>addons\ofxOsc\libs\oscpack\src\ip\win32</Filter>
		</ClCompile>
		<ClCompile Include="..\..\..\addons\ofxOsc\libs\oscpack\src\ip\win32\UdpSocket.cpp">
			<Filter>addons\ofxOsc\libs\oscpack\src\ip\win32</Filter>
		</ClCompile>
		<ClCompile Include="..\..\..\addons\ofxOsc\libs\oscpack\src\osc\OscOutboundPacketStream.cpp">
			<Filter>addons\ofxOsc\libs\oscpack\src\osc</Filter>
		</ClCompile>
		<ClCompile Include="..\..\..\addons\ofxOsc\libs\oscpack\src\osc\OscPrintReceivedElements.cpp">
			<Filter>addons\ofxOsc\libs\oscpack\src\osc</Filter>
		</ClCompile>
		<ClCompile Include="..\..\..\addons\ofxOsc\libs\oscpack\src\osc\OscReceivedElements.cpp">
			<Filter>addons\ofxOsc\libs\oscpack\src\osc</Filter>
		</ClCompile>
		<ClCompile Include="..\..\..\addons\ofxOsc\libs\oscpack\src\osc\OscTypes.cpp">
			<Filter>addons\ofxOsc\libs\oscpack\src\osc</Filter>
		</ClCompile>
	</ItemGroup>
	<ItemGroup>
		<Filter Include="src">
			<UniqueIdentifier>{d8376475-7454-4a24-b08a-aac121d3ad6f}</UniqueIdentifier>
		</Filter>
		<Filter Include="addons">
			<UniqueIdentifier>{71834F65-F3A9-211E-73B8-DC85}</UniqueIdentifier>
		</Filter>
		<Filter Include="addons\ofxCv">
			<UniqueIdentifier>{A9C1150B-C1CB-2BC0-0F32-ED3B}</UniqueIdentifier>
		</Filter>
		<Filter Include="addons\ofxCv\src">
			<UniqueIdentifier>{6B661273-844D-D754-F98D-C3B1}</UniqueIdentifier>
		</Filter>
		<Filter Include="addons\ofxCv\libs">
			<UniqueIdentifier>{2D63E874-134A-C540-1157-C931}</UniqueIdentifier>
		</Filter>
		<Filter Include="addons\ofxCv\libs\CLD">
			<UniqueIdentifier>{6E254616-00D9-D1AD-2976-B475}</UniqueIdentifier>
		</Filter>
		<Filter Include="addons\ofxCv\libs\CLD\include">
			<UniqueIdentifier>{127D6EBD-127A-D8C0-AE83-D8F2}</UniqueIdentifier>
		</Filter>
		<Filter Include="addons\ofxCv\libs\CLD\include\CLD">
			<UniqueIdentifier>{8B905DF6-4298-B52E-6BAD-BD9B}</UniqueIdentifier>
		</Filter>
		<Filter Include="addons\ofxCv\libs\CLD\src">
			<UniqueIdentifier>{988C5DE1-0A28-4035-7625-48D9}</UniqueIdentifier>
		</Filter>
		<Filter Include="addons\ofxCv\libs\ofxCv">
			<UniqueIdentifier>{9104DB86-FB76-46B8-7315-E1A9}</UniqueIdentifier>
		</Filter>
		<Filter Include="addons\ofxCv\libs\ofxCv\include">
			<UniqueIdentifier>{80CEBD8F-DC90-1D69-BBF7-093D}</UniqueIdentifier>
		</Filter>
		<Filter Include="addons\ofxCv\libs\ofxCv\include\ofxCv">
			<UniqueIdentifier>{76E26063-B359-0A22-CC92-6F5B}</UniqueIdentifier>
		</Filter>
		<Filter Include="addons\ofxCv\libs\ofxCv\src">
			<UniqueIdentifier>{D4F40DFE-7BFE-9E37-3B94-006C}</UniqueIdentifier>
		</Filter>
		<Filter Include="addons\ofxGui">
			<UniqueIdentifier>{4F2A59AF-5F4E-704B-D067-EC13}</UniqueIdentifier>
		</Filter>
		<Filter Include="addons\ofxGui\src">
			<UniqueIdentifier>{645E9533-4DCD-6179-1CDF-CB65}</UniqueIdentifier>
		</Filter>
		<Filter Include="addons\ofxOpenCv-contrib">
			<UniqueIdentifier>{4F557C6C-3B41-500A-E02B-99EE}</UniqueIdentifier>
		</Filter>
		<Filter Include="addons\ofxOpenCv-contrib\src">
			<UniqueIdentifier>{83191FE3-305E-3C2B-D059-ED1B}</UniqueIdentifier>
		</Filter>
		<Filter Include="addons\ofxOpenCv-contrib\libs">
			<UniqueIdentifier>{DDAD57B3-44DA-AE3C-A445-1864}</UniqueIdentifier>
		</Filter>
		<Filter Include="addons\ofxOpenCv-contrib\libs\opencv">
			<UniqueIdentifier>{A27605AE-A2DF-0799-8C79-0219}</UniqueIdentifier>
		</Filter>
		<Filter Include="addons\ofxOpenCv-contrib\libs\opencv\include">
			<UniqueIdentifier>{4AB6CADD-8439-C8FE-9A79-37B9}</UniqueIdentifier>
		</Filter>
		<Filter Include="addons\ofxOpenCv-contrib\libs\opencv\include\opencv">
			<UniqueIdentifier>{E824C485-BBE7-B3BF-B819-8813}</UniqueIdentifier>
		</Filter>
		<Filter Include="addons\ofxOpenCv-contrib\libs\opencv\include\opencv2">
			<UniqueIdentifier>{9FB64E4F-D9C3-8C32-A0ED-B8D3}</UniqueIdentifier>
		</Filter>
		<Filter Include="addons\ofxOpenCv-contrib\libs\opencv\include\opencv2\aruco">
			<UniqueIdentifier>{097D1026-8D04-DDC3-5DBA-796F}</UniqueIdentifier>
		</Filter>
		<Filter Include="addons\ofxOpenCv-contrib\libs\opencv\include\opencv2\bioinspired">
			<UniqueIdentifier>{ADE7B28C-6750-ED47-5EE4-4695}</UniqueIdentifier>
		</Filter>
		<Filter Include="addons\ofxOpenCv-contrib\libs\opencv\include\opencv2\calib3d">
			<UniqueIdentifier>{A08FC99B-747E-99B3-39A0-9787}</UniqueIdentifier>
		</Filter>
		<Filter Include="addons\ofxOpenCv-contrib\libs\opencv\include\opencv2\ccalib">
			<UniqueIdentifier>{3D73F4B1-D856-EEA0-0211-BD34}</UniqueIdentifier>
		</Filter>
		<Filter Include="addons\ofxOpenCv-contrib\libs\opencv\include\opencv2\core">
			<UniqueIdentifier>{CA5DE140-928D-FDB5-5942-6847}</UniqueIdentifier>
		</Filter>
		<Filter Include="addons\ofxOpenCv-contrib\libs\opencv\include\opencv2\core\hal">
			<UniqueIdentifier>{C79C2C5B-09D7-ACCD-E67D-EA9F}</UniqueIdentifier>
		</Filter>
		<Filter Include="addons\ofxOpenCv-contrib\libs\opencv\include\opencv2\core\utils">
			<UniqueIdentifier>{82E74C52-6F4B-7ECA-6271-62F9}</UniqueIdentifier>
		</Filter>
		<Filter Include="addons\ofxOpenCv-contrib\libs\opencv\include\opencv2\datasets">
			<UniqueIdentifier>{3A1329A1-1B63-86D6-3E9B-71F8}</UniqueIdentifier>
		</Filter>
		<Filter Include="addons\ofxOpenCv-contrib\libs\opencv\include\opencv2\face">
			<UniqueIdentifier>{9FAD6C26-9859-1156-6726-DF03}</UniqueIdentifier>
		</Filter>
		<Filter Include="addons\ofxOpenCv-contrib\libs\opencv\include\opencv2\features2d">
			<UniqueIdentifier>{58B10B16-5C29-402B-8600-4AE2}</UniqueIdentifier>
		</Filter>
		<Filter Include="addons\ofxOpenCv-contrib\libs\opencv\include\opencv2\features2d\hal">
			<UniqueIdentifier>{1480444D-9F33-66BA-DF8F-B612}</UniqueIdentifier>
		</Filter>
		<Filter Include="addons\ofxOpenCv-contrib\libs\opencv\include\opencv2\flann">
			<UniqueIdentifier>{11B3A95C-BED8-E5F7-6FF6-835E}</UniqueIdentifier>
		</Filter>
		<Filter Include="addons\ofxOpenCv-contrib\libs\opencv\include\opencv2\fuzzy">
			<UniqueIdentifier>{E79FEB4E-B4BE-E8B8-8FF6-C5E6}</UniqueIdentifier>
		</Filter>
		<Filter Include="addons\ofxOpenCv-contrib\libs\opencv\include\opencv2\highgui">
			<UniqueIdentifier>{6F218E97-4DD0-4EE1-7B3C-8A14}</UniqueIdentifier>
		</Filter>
		<Filter Include="addons\ofxOpenCv-contrib\libs\opencv\include\opencv2\imgcodecs">
			<UniqueIdentifier>{78AE5E0E-F429-4057-26D3-1CE8}</UniqueIdentifier>
		</Filter>
		<Filter Include="addons\ofxOpenCv-contrib\libs\opencv\include\opencv2\imgproc">
			<UniqueIdentifier>{CD072F3D-F10B-4C16-6F3E-CD80}</UniqueIdentifier>
		</Filter>
		<Filter Include="addons\ofxOpenCv-contrib\libs\opencv\include\opencv2\imgproc\detail">
			<UniqueIdentifier>{F3948D92-555A-621D-C10E-35D1}</UniqueIdentifier>
		</Filter>
		<Filter Include="addons\ofxOpenCv-contrib\libs\opencv\include\opencv2\imgproc\hal">
			<UniqueIdentifier>{9A72290C-7110-B87C-CC3B-0D08}</UniqueIdentifier>
		</Filter>
		<Filter Include="addons\ofxOpenCv-contrib\libs\opencv\include\opencv2\img_hash">
			<UniqueIdentifier>{A42B3501-1749-5759-9478-67F6}</UniqueIdentifier>
		</Filter>
		<Filter Include="addons\ofxOpenCv-contrib\libs\opencv\include\opencv2\line_descriptor">
			<UniqueIdentifier>{B32D74B2-DEC4-23EF-654A-1F0F}</UniqueIdentifier>
		</Filter>
		<Filter Include="addons\ofxOpenCv-contrib\libs\opencv\include\opencv2\ml">
			<UniqueIdentifier>{395DC0E1-DDE6-419A-92EC-08C8}</UniqueIdentifier>
		</Filter>
		<Filter Include="addons\ofxOpenCv-contrib\libs\opencv\include\opencv2\objdetect">
			<UniqueIdentifier>{EE2AB2F9-13CD-47D5-2A08-7B49}</UniqueIdentifier>
		</Filter>
		<Filter Include="addons\ofxOpenCv-contrib\libs\opencv\include\opencv2\optflow">
			<UniqueIdentifier>{F1A5C2B8-E4E4-CA07-E5DF-A0C1}</UniqueIdentifier>
		</Filter>
		<Filter Include="addons\ofxOpenCv-contrib\libs\opencv\include\opencv2\phase_unwrapping">
			<UniqueIdentifier>{5FECFCE1-A6EB-7837-1F9F-515D}</UniqueIdentifier>
		</Filter>
		<Filter Include="addons\ofxOpenCv-contrib\libs\opencv\include\opencv2\photo">
			<UniqueIdentifier>{B3178E7C-E00A-9372-2F5E-17A1}</UniqueIdentifier>
		</Filter>
		<Filter Include="addons\ofxOpenCv-contrib\libs\opencv\include\opencv2\reg">
			<UniqueIdentifier>{DB22B72E-1147-A2B3-54B8-87AF}</UniqueIdentifier>
		</Filter>
		<Filter Include="addons\ofxOpenCv-contrib\libs\opencv\include\opencv2\rgbd">
			<UniqueIdentifier>{58072566-891F-E832-57A9-EF5C}</UniqueIdentifier>
		</Filter>
		<Filter Include="addons\ofxOpenCv-contrib\libs\opencv\include\opencv2\saliency">
			<UniqueIdentifier>{2B8DD513-BD8F-0EB1-DD88-C773}</UniqueIdentifier>
		</Filter>
		<Filter Include="addons\ofxOpenCv-contrib\libs\opencv\include\opencv2\shape">
			<UniqueIdentifier>{A67F8EC2-462A-F107-3B08-67AE}</UniqueIdentifier>
		</Filter>
		<Filter Include="addons\ofxOpenCv-contrib\libs\opencv\include\opencv2\stereo">
			<UniqueIdentifier>{51D5C241-21DE-AC80-847F-DBCE}</UniqueIdentifier>
		</Filter>
		<Filter Include="addons\ofxOpenCv-contrib\libs\opencv\include\opencv2\stitching">
			<UniqueIdentifier>{42455784-B1DF-21A8-3B15-AF76}</UniqueIdentifier>
		</Filter>
		<Filter Include="addons\ofxOpenCv-contrib\libs\opencv\include\opencv2\stitching\detail">
			<UniqueIdentifier>{7E0D5D4D-2316-BB9A-82C5-2BB5}</UniqueIdentifier>
		</Filter>
		<Filter Include="addons\ofxOpenCv-contrib\libs\opencv\include\opencv2\structured_light">
			<UniqueIdentifier>{B3D2F150-FCE3-CCC6-8B5A-DF90}</UniqueIdentifier>
		</Filter>
		<Filter Include="addons\ofxOpenCv-contrib\libs\opencv\include\opencv2\superres">
			<UniqueIdentifier>{5338B07B-F2C5-36A7-553C-BC04}</UniqueIdentifier>
		</Filter>
		<Filter Include="addons\ofxOpenCv-contrib\libs\opencv\include\opencv2\surface_matching">
			<UniqueIdentifier>{79A5E0C7-29E3-36DD-6EDE-0193}</UniqueIdentifier>
		</Filter>
		<Filter Include="addons\ofxOpenCv-contrib\libs\opencv\include\opencv2\tracking">
			<UniqueIdentifier>{2EE46AD4-9A47-2BFD-108E-A716}</UniqueIdentifier>
		</Filter>
		<Filter Include="addons\ofxOpenCv-contrib\libs\opencv\include\opencv2\video">
			<UniqueIdentifier>{C61D8FBC-2CAF-D7E4-6C3E-D15F}</UniqueIdentifier>
		</Filter>
		<Filter Include="addons\ofxOpenCv-contrib\libs\opencv\include\opencv2\videoio">
			<UniqueIdentifier>{B48E7BCC-5DF7-3B50-98B9-BE49}</UniqueIdentifier>
		</Filter>
		<Filter Include="addons\ofxOpenCv-contrib\libs\opencv\include\opencv2\videostab">
			<UniqueIdentifier>{EF5172A2-A48D-77EA-FEC8-C53A}</UniqueIdentifier>
		</Filter>
		<Filter Include="addons\ofxOpenCv-contrib\libs\opencv\include\opencv2\ximgproc">
			<UniqueIdentifier>{08ACCB0B-0D2C-B0C6-2285-71B6}</UniqueIdentifier>
		</Filter>
		<Filter Include="addons\ofxOpenCv-contrib\libs\opencv\include\opencv2\xphoto">
			<UniqueIdentifier>{4E88C459-614B-9BCC-C279-9C0D}</UniqueIdentifier>
		</Filter>
		<Filter Include="addons\ofxOsc">
			<UniqueIdentifier>{D91DCA33-6E5D-4481-2AEC-9FBB}</UniqueIdentifier>
		</Filter>
		<Filter Include="addons\ofxOsc\src">
			<UniqueIdentifier>{B9DD339A-D93D-92A1-0A2F-4B41}</UniqueIdentifier>
		</Filter>
		<Filter Include="addons\ofxOsc\libs">
			<UniqueIdentifier>{99ECA1D9-873F-4622-8FC0-FC7B}</UniqueIdentifier>
		</Filter>
		<Filter Include="addons\ofxOsc\libs\oscpack">
			<UniqueIdentifier>{D3A98534-1602-4FEF-57A6-6593}</UniqueIdentifier>
		</Filter>
		<Filter Include="addons\ofxOsc\libs\oscpack\src">
			<UniqueIdentifier>{BFB5BB47-98C8-BBCB-3066-1046}</UniqueIdentifier>
		</Filter>
		<Filter Include="addons\ofxOsc\libs\oscpack\src\ip">
			<UniqueIdentifier>{5A029128-EB41-95C5-CBC0-CDED}</UniqueIdentifier>
		</Filter>
		<Filter Include="addons\ofxOsc\libs\oscpack\src\ip\win32">
			<UniqueIdentifier>{79DFDFE2-400B-8654-3675-01A3}</UniqueIdentifier>
		</Filter>
		<Filter Include="addons\ofxOsc\libs\oscpack\src\osc">
			<UniqueIdentifier>{EDACB89C-9768-9551-4D41-B590}</UniqueIdentifier>
		</Filter>
	</ItemGroup>
	<ItemGroup>
		<ClInclude Include="src\ofApp.h">
			<Filter>src</Filter>
		</ClInclude>
		<ClInclude Include="src\ConstTools.h">
			<Filter>src</Filter>
		</ClInclude>
		<ClInclude Include="src\ofApp.h">
			<Filter>src</Filter>
		</ClInclude>
		<ClInclude Include="src\saliencyTools.h">
			<Filter>src</Filter>
		</ClInclude>
		<ClInclude Include="..\..\..\addons\ofxCv\src\ofxCv.h">
			<Filter>addons\ofxCv\src</Filter>
		</ClInclude>
		<ClInclude Include="..\..\..\addons\ofxCv\libs\CLD\include\CLD\ETF.h">
			<Filter>addons\ofxCv\libs\CLD\include\CLD</Filter>
		</ClInclude>
		<ClInclude Include="..\..\..\addons\ofxCv\libs\CLD\include\CLD\fdog.h">
			<Filter>addons\ofxCv\libs\CLD\include\CLD</Filter>
		</ClInclude>
		<ClInclude Include="..\..\..\addons\ofxCv\libs\CLD\include\CLD\imatrix.h">
			<Filter>addons\ofxCv\libs\CLD\include\CLD</Filter>
		</ClInclude>
		<ClInclude Include="..\..\..\addons\ofxCv\libs\CLD\include\CLD\myvec.h">
			<Filter>addons\ofxCv\libs\CLD\include\CLD</Filter>
		</ClInclude>
		<ClInclude Include="..\..\..\addons\ofxCv\libs\ofxCv\include\ofxCv\Calibration.h">
			<Filter>addons\ofxCv\libs\ofxCv\include\ofxCv</Filter>
		</ClInclude>
		<ClInclude Include="..\..\..\addons\ofxCv\libs\ofxCv\include\ofxCv\ContourFinder.h">
			<Filter>addons\ofxCv\libs\ofxCv\include\ofxCv</Filter>
		</ClInclude>
		<ClInclude Include="..\..\..\addons\ofxCv\libs\ofxCv\include\ofxCv\Distance.h">
			<Filter>addons\ofxCv\libs\ofxCv\include\ofxCv</Filter>
		</ClInclude>
		<ClInclude Include="..\..\..\addons\ofxCv\libs\ofxCv\include\ofxCv\Flow.h">
			<Filter>addons\ofxCv\libs\ofxCv\include\ofxCv</Filter>
		</ClInclude>
		<ClInclude Include="..\..\..\addons\ofxCv\libs\ofxCv\include\ofxCv\Helpers.h">
			<Filter>addons\ofxCv\libs\ofxCv\include\ofxCv</Filter>
		</ClInclude>
		<ClInclude Include="..\..\..\addons\ofxCv\libs\ofxCv\include\ofxCv\Kalman.h">
			<Filter>addons\ofxCv\libs\ofxCv\include\ofxCv</Filter>
		</ClInclude>
		<ClInclude Include="..\..\..\addons\ofxCv\libs\ofxCv\include\ofxCv\ObjectFinder.h">
			<Filter>addons\ofxCv\libs\ofxCv\include\ofxCv</Filter>
		</ClInclude>
		<ClInclude Include="..\..\..\addons\ofxCv\libs\ofxCv\include\ofxCv\RunningBackground.h">
			<Filter>addons\ofxCv\libs\ofxCv\include\ofxCv</Filter>
		</ClInclude>
		<ClInclude Include="..\..\..\addons\ofxCv\libs\ofxCv\include\ofxCv\Tracker.h">
			<Filter>addons\ofxCv\libs\ofxCv\include\ofxCv</Filter>
		</ClInclude>
		<ClInclude Include="..\..\..\addons\ofxCv\libs\ofxCv\include\ofxCv\Utilities.h">
			<Filter>addons\ofxCv\libs\ofxCv\include\ofxCv</Filter>
		</ClInclude>
		<ClInclude Include="..\..\..\addons\ofxCv\libs\ofxCv\include\ofxCv\Wrappers.h">
			<Filter>addons\ofxCv\libs\ofxCv\include\ofxCv</Filter>
		</ClInclude>
		<ClInclude Include="..\..\..\addons\ofxGui\src\ofxBaseGui.h">
			<Filter>addons\ofxGui\src</Filter>
		</ClInclude>
		<ClInclude Include="..\..\..\addons\ofxGui\src\ofxButton.h">
			<Filter>addons\ofxGui\src</Filter>
		</ClInclude>
		<ClInclude Include="..\..\..\addons\ofxGui\src\ofxGui.h">
			<Filter>addons\ofxGui\src</Filter>
		</ClInclude>
		<ClInclude Include="..\..\..\addons\ofxGui\src\ofxGuiGroup.h">
			<Filter>addons\ofxGui\src</Filter>
		</ClInclude>
		<ClInclude Include="..\..\..\addons\ofxGui\src\ofxLabel.h">
			<Filter>addons\ofxGui\src</Filter>
		</ClInclude>
		<ClInclude Include="..\..\..\addons\ofxGui\src\ofxPanel.h">
			<Filter>addons\ofxGui\src</Filter>
		</ClInclude>
		<ClInclude Include="..\..\..\addons\ofxGui\src\ofxSlider.h">
			<Filter>addons\ofxGui\src</Filter>
		</ClInclude>
		<ClInclude Include="..\..\..\addons\ofxGui\src\ofxSliderGroup.h">
			<Filter>addons\ofxGui\src</Filter>
		</ClInclude>
		<ClInclude Include="..\..\..\addons\ofxGui\src\ofxToggle.h">
			<Filter>addons\ofxGui\src</Filter>
		</ClInclude>
		<ClInclude Include="..\..\..\addons\ofxOpenCv-contrib\src\ofxCvBlob.h">
			<Filter>addons\ofxOpenCv-contrib\src</Filter>
		</ClInclude>
		<ClInclude Include="..\..\..\addons\ofxOpenCv-contrib\src\ofxCvColorImage.h">
			<Filter>addons\ofxOpenCv-contrib\src</Filter>
		</ClInclude>
		<ClInclude Include="..\..\..\addons\ofxOpenCv-contrib\src\ofxCvConstants.h">
			<Filter>addons\ofxOpenCv-contrib\src</Filter>
		</ClInclude>
		<ClInclude Include="..\..\..\addons\ofxOpenCv-contrib\src\ofxCvContourFinder.h">
			<Filter>addons\ofxOpenCv-contrib\src</Filter>
		</ClInclude>
		<ClInclude Include="..\..\..\addons\ofxOpenCv-contrib\src\ofxCvFloatImage.h">
			<Filter>addons\ofxOpenCv-contrib\src</Filter>
		</ClInclude>
		<ClInclude Include="..\..\..\addons\ofxOpenCv-contrib\src\ofxCvGrayscaleImage.h">
			<Filter>addons\ofxOpenCv-contrib\src</Filter>
		</ClInclude>
		<ClInclude Include="..\..\..\addons\ofxOpenCv-contrib\src\ofxCvHaarFinder.h">
			<Filter>addons\ofxOpenCv-contrib\src</Filter>
		</ClInclude>
		<ClInclude Include="..\..\..\addons\ofxOpenCv-contrib\src\ofxCvImage.h">
			<Filter>addons\ofxOpenCv-contrib\src</Filter>
		</ClInclude>
		<ClInclude Include="..\..\..\addons\ofxOpenCv-contrib\src\ofxCvShortImage.h">
			<Filter>addons\ofxOpenCv-contrib\src</Filter>
		</ClInclude>
		<ClInclude Include="..\..\..\addons\ofxOpenCv-contrib\src\ofxOpenCv.h">
			<Filter>addons\ofxOpenCv-contrib\src</Filter>
		</ClInclude>
		<ClInclude Include="..\..\..\addons\ofxOpenCv-contrib\libs\opencv\include\opencv\cv.h">
			<Filter>addons\ofxOpenCv-contrib\libs\opencv\include\opencv</Filter>
		</ClInclude>
		<ClInclude Include="..\..\..\addons\ofxOpenCv-contrib\libs\opencv\include\opencv\cv.hpp">
			<Filter>addons\ofxOpenCv-contrib\libs\opencv\include\opencv</Filter>
		</ClInclude>
		<ClInclude Include="..\..\..\addons\ofxOpenCv-contrib\libs\opencv\include\opencv\cvaux.h">
			<Filter>addons\ofxOpenCv-contrib\libs\opencv\include\opencv</Filter>
		</ClInclude>
		<ClInclude Include="..\..\..\addons\ofxOpenCv-contrib\libs\opencv\include\opencv\cvaux.hpp">
			<Filter>addons\ofxOpenCv-contrib\libs\opencv\include\opencv</Filter>
		</ClInclude>
		<ClInclude Include="..\..\..\addons\ofxOpenCv-contrib\libs\opencv\include\opencv\cvwimage.h">
			<Filter>addons\ofxOpenCv-contrib\libs\opencv\include\opencv</Filter>
		</ClInclude>
		<ClInclude Include="..\..\..\addons\ofxOpenCv-contrib\libs\opencv\include\opencv\cxcore.h">
			<Filter>addons\ofxOpenCv-contrib\libs\opencv\include\opencv</Filter>
		</ClInclude>
		<ClInclude Include="..\..\..\addons\ofxOpenCv-contrib\libs\opencv\include\opencv\cxcore.hpp">
			<Filter>addons\ofxOpenCv-contrib\libs\opencv\include\opencv</Filter>
		</ClInclude>
		<ClInclude Include="..\..\..\addons\ofxOpenCv-contrib\libs\opencv\include\opencv\cxeigen.hpp">
			<Filter>addons\ofxOpenCv-contrib\libs\opencv\include\opencv</Filter>
		</ClInclude>
		<ClInclude Include="..\..\..\addons\ofxOpenCv-contrib\libs\opencv\include\opencv\cxmisc.h">
			<Filter>addons\ofxOpenCv-contrib\libs\opencv\include\opencv</Filter>
		</ClInclude>
		<ClInclude Include="..\..\..\addons\ofxOpenCv-contrib\libs\opencv\include\opencv\highgui.h">
			<Filter>addons\ofxOpenCv-contrib\libs\opencv\include\opencv</Filter>
		</ClInclude>
		<ClInclude Include="..\..\..\addons\ofxOpenCv-contrib\libs\opencv\include\opencv\ml.h">
			<Filter>addons\ofxOpenCv-contrib\libs\opencv\include\opencv</Filter>
		</ClInclude>
		<ClInclude Include="..\..\..\addons\ofxOpenCv-contrib\libs\opencv\include\opencv2\aruco\charuco.hpp">
			<Filter>addons\ofxOpenCv-contrib\libs\opencv\include\opencv2\aruco</Filter>
		</ClInclude>
		<ClInclude Include="..\..\..\addons\ofxOpenCv-contrib\libs\opencv\include\opencv2\aruco\dictionary.hpp">
			<Filter>addons\ofxOpenCv-contrib\libs\opencv\include\opencv2\aruco</Filter>
		</ClInclude>
		<ClInclude Include="..\..\..\addons\ofxOpenCv-contrib\libs\opencv\include\opencv2\aruco.hpp">
			<Filter>addons\ofxOpenCv-contrib\libs\opencv\include\opencv2</Filter>
		</ClInclude>
		<ClInclude Include="..\..\..\addons\ofxOpenCv-contrib\libs\opencv\include\opencv2\bgsegm.hpp">
			<Filter>addons\ofxOpenCv-contrib\libs\opencv\include\opencv2</Filter>
		</ClInclude>
		<ClInclude Include="..\..\..\addons\ofxOpenCv-contrib\libs\opencv\include\opencv2\bioinspired\bioinspired.hpp">
			<Filter>addons\ofxOpenCv-contrib\libs\opencv\include\opencv2\bioinspired</Filter>
		</ClInclude>
		<ClInclude Include="..\..\..\addons\ofxOpenCv-contrib\libs\opencv\include\opencv2\bioinspired\retina.hpp">
			<Filter>addons\ofxOpenCv-contrib\libs\opencv\include\opencv2\bioinspired</Filter>
		</ClInclude>
		<ClInclude Include="..\..\..\addons\ofxOpenCv-contrib\libs\opencv\include\opencv2\bioinspired\retinafasttonemapping.hpp">
			<Filter>addons\ofxOpenCv-contrib\libs\opencv\include\opencv2\bioinspired</Filter>
		</ClInclude>
		<ClInclude Include="..\..\..\addons\ofxOpenCv-contrib\libs\opencv\include\opencv2\bioinspired\transientareassegmentationmodule.hpp">
			<Filter>addons\ofxOpenCv-contrib\libs\opencv\include\opencv2\bioinspired</Filter>
		</ClInclude>
		<ClInclude Include="..\..\..\addons\ofxOpenCv-contrib\libs\opencv\include\opencv2\bioinspired.hpp">
			<Filter>addons\ofxOpenCv-contrib\libs\opencv\include\opencv2</Filter>
		</ClInclude>
		<ClInclude Include="..\..\..\addons\ofxOpenCv-contrib\libs\opencv\include\opencv2\calib3d\calib3d.hpp">
			<Filter>addons\ofxOpenCv-contrib\libs\opencv\include\opencv2\calib3d</Filter>
		</ClInclude>
		<ClInclude Include="..\..\..\addons\ofxOpenCv-contrib\libs\opencv\include\opencv2\calib3d\calib3d_c.h">
			<Filter>addons\ofxOpenCv-contrib\libs\opencv\include\opencv2\calib3d</Filter>
		</ClInclude>
		<ClInclude Include="..\..\..\addons\ofxOpenCv-contrib\libs\opencv\include\opencv2\calib3d.hpp">
			<Filter>addons\ofxOpenCv-contrib\libs\opencv\include\opencv2</Filter>
		</ClInclude>
		<ClInclude Include="..\..\..\addons\ofxOpenCv-contrib\libs\opencv\include\opencv2\ccalib\multicalib.hpp">
			<Filter>addons\ofxOpenCv-contrib\libs\opencv\include\opencv2\ccalib</Filter>
		</ClInclude>
		<ClInclude Include="..\..\..\addons\ofxOpenCv-contrib\libs\opencv\include\opencv2\ccalib\omnidir.hpp">
			<Filter>addons\ofxOpenCv-contrib\libs\opencv\include\opencv2\ccalib</Filter>
		</ClInclude>
		<ClInclude Include="..\..\..\addons\ofxOpenCv-contrib\libs\opencv\include\opencv2\ccalib\randpattern.hpp">
			<Filter>addons\ofxOpenCv-contrib\libs\opencv\include\opencv2\ccalib</Filter>
		</ClInclude>
		<ClInclude Include="..\..\..\addons\ofxOpenCv-contrib\libs\opencv\include\opencv2\ccalib.hpp">
			<Filter>addons\ofxOpenCv-contrib\libs\opencv\include\opencv2</Filter>
		</ClInclude>
		<ClInclude Include="..\..\..\addons\ofxOpenCv-contrib\libs\opencv\include\opencv2\core\affine.hpp">
			<Filter>addons\ofxOpenCv-contrib\libs\opencv\include\opencv2\core</Filter>
		</ClInclude>
		<ClInclude Include="..\..\..\addons\ofxOpenCv-contrib\libs\opencv\include\opencv2\core\base.hpp">
			<Filter>addons\ofxOpenCv-contrib\libs\opencv\include\opencv2\core</Filter>
		</ClInclude>
		<ClInclude Include="..\..\..\addons\ofxOpenCv-contrib\libs\opencv\include\opencv2\core\bufferpool.hpp">
			<Filter>addons\ofxOpenCv-contrib\libs\opencv\include\opencv2\core</Filter>
		</ClInclude>
		<ClInclude Include="..\..\..\addons\ofxOpenCv-contrib\libs\opencv\include\opencv2\core\check.hpp">
			<Filter>addons\ofxOpenCv-contrib\libs\opencv\include\opencv2\core</Filter>
		</ClInclude>
		<ClInclude Include="..\..\..\addons\ofxOpenCv-contrib\libs\opencv\include\opencv2\core\core.hpp">
			<Filter>addons\ofxOpenCv-contrib\libs\opencv\include\opencv2\core</Filter>
		</ClInclude>
		<ClInclude Include="..\..\..\addons\ofxOpenCv-contrib\libs\opencv\include\opencv2\core\core_c.h">
			<Filter>addons\ofxOpenCv-contrib\libs\opencv\include\opencv2\core</Filter>
		</ClInclude>
		<ClInclude Include="..\..\..\addons\ofxOpenCv-contrib\libs\opencv\include\opencv2\core\cuda.hpp">
			<Filter>addons\ofxOpenCv-contrib\libs\opencv\include\opencv2\core</Filter>
		</ClInclude>
		<ClInclude Include="..\..\..\addons\ofxOpenCv-contrib\libs\opencv\include\opencv2\core\cuda.inl.hpp">
			<Filter>addons\ofxOpenCv-contrib\libs\opencv\include\opencv2\core</Filter>
		</ClInclude>
		<ClInclude Include="..\..\..\addons\ofxOpenCv-contrib\libs\opencv\include\opencv2\core\cuda_stream_accessor.hpp">
			<Filter>addons\ofxOpenCv-contrib\libs\opencv\include\opencv2\core</Filter>
		</ClInclude>
		<ClInclude Include="..\..\..\addons\ofxOpenCv-contrib\libs\opencv\include\opencv2\core\cuda_types.hpp">
			<Filter>addons\ofxOpenCv-contrib\libs\opencv\include\opencv2\core</Filter>
		</ClInclude>
		<ClInclude Include="..\..\..\addons\ofxOpenCv-contrib\libs\opencv\include\opencv2\core\cvdef.h">
			<Filter>addons\ofxOpenCv-contrib\libs\opencv\include\opencv2\core</Filter>
		</ClInclude>
		<ClInclude Include="..\..\..\addons\ofxOpenCv-contrib\libs\opencv\include\opencv2\core\cvstd.hpp">
			<Filter>addons\ofxOpenCv-contrib\libs\opencv\include\opencv2\core</Filter>
		</ClInclude>
		<ClInclude Include="..\..\..\addons\ofxOpenCv-contrib\libs\opencv\include\opencv2\core\cvstd.inl.hpp">
			<Filter>addons\ofxOpenCv-contrib\libs\opencv\include\opencv2\core</Filter>
		</ClInclude>
		<ClInclude Include="..\..\..\addons\ofxOpenCv-contrib\libs\opencv\include\opencv2\core\cv_cpu_dispatch.h">
			<Filter>addons\ofxOpenCv-contrib\libs\opencv\include\opencv2\core</Filter>
		</ClInclude>
		<ClInclude Include="..\..\..\addons\ofxOpenCv-contrib\libs\opencv\include\opencv2\core\cv_cpu_helper.h">
			<Filter>addons\ofxOpenCv-contrib\libs\opencv\include\opencv2\core</Filter>
		</ClInclude>
		<ClInclude Include="..\..\..\addons\ofxOpenCv-contrib\libs\opencv\include\opencv2\core\directx.hpp">
			<Filter>addons\ofxOpenCv-contrib\libs\opencv\include\opencv2\core</Filter>
		</ClInclude>
		<ClInclude Include="..\..\..\addons\ofxOpenCv-contrib\libs\opencv\include\opencv2\core\eigen.hpp">
			<Filter>addons\ofxOpenCv-contrib\libs\opencv\include\opencv2\core</Filter>
		</ClInclude>
		<ClInclude Include="..\..\..\addons\ofxOpenCv-contrib\libs\opencv\include\opencv2\core\fast_math.hpp">
			<Filter>addons\ofxOpenCv-contrib\libs\opencv\include\opencv2\core</Filter>
		</ClInclude>
		<ClInclude Include="..\..\..\addons\ofxOpenCv-contrib\libs\opencv\include\opencv2\core\hal\hal.hpp">
			<Filter>addons\ofxOpenCv-contrib\libs\opencv\include\opencv2\core\hal</Filter>
		</ClInclude>
		<ClInclude Include="..\..\..\addons\ofxOpenCv-contrib\libs\opencv\include\opencv2\core\hal\interface.h">
			<Filter>addons\ofxOpenCv-contrib\libs\opencv\include\opencv2\core\hal</Filter>
		</ClInclude>
		<ClInclude Include="..\..\..\addons\ofxOpenCv-contrib\libs\opencv\include\opencv2\core\hal\intrin.hpp">
			<Filter>addons\ofxOpenCv-contrib\libs\opencv\include\opencv2\core\hal</Filter>
		</ClInclude>
		<ClInclude Include="..\..\..\addons\ofxOpenCv-contrib\libs\opencv\include\opencv2\core\hal\intrin_cpp.hpp">
			<Filter>addons\ofxOpenCv-contrib\libs\opencv\include\opencv2\core\hal</Filter>
		</ClInclude>
		<ClInclude Include="..\..\..\addons\ofxOpenCv-contrib\libs\opencv\include\opencv2\core\hal\intrin_neon.hpp">
			<Filter>addons\ofxOpenCv-contrib\libs\opencv\include\opencv2\core\hal</Filter>
		</ClInclude>
		<ClInclude Include="..\..\..\addons\ofxOpenCv-contrib\libs\opencv\include\opencv2\core\hal\intrin_sse.hpp">
			<Filter>addons\ofxOpenCv-contrib\libs\opencv\include\opencv2\core\hal</Filter>
		</ClInclude>
		<ClInclude Include="..\..\..\addons\ofxOpenCv-contrib\libs\opencv\include\opencv2\core\hal\intrin_vsx.hpp">
			<Filter>addons\ofxOpenCv-contrib\libs\opencv\include\opencv2\core\hal</Filter>
		</ClInclude>
		<ClInclude Include="..\..\..\addons\ofxOpenCv-contrib\libs\opencv\include\opencv2\core\ippasync.hpp">
			<Filter>addons\ofxOpenCv-contrib\libs\opencv\include\opencv2\core</Filter>
		</ClInclude>
		<ClInclude Include="..\..\..\addons\ofxOpenCv-contrib\libs\opencv\include\opencv2\core\mat.hpp">
			<Filter>addons\ofxOpenCv-contrib\libs\opencv\include\opencv2\core</Filter>
		</ClInclude>
		<ClInclude Include="..\..\..\addons\ofxOpenCv-contrib\libs\opencv\include\opencv2\core\mat.inl.hpp">
			<Filter>addons\ofxOpenCv-contrib\libs\opencv\include\opencv2\core</Filter>
		</ClInclude>
		<ClInclude Include="..\..\..\addons\ofxOpenCv-contrib\libs\opencv\include\opencv2\core\matx.hpp">
			<Filter>addons\ofxOpenCv-contrib\libs\opencv\include\opencv2\core</Filter>
		</ClInclude>
		<ClInclude Include="..\..\..\addons\ofxOpenCv-contrib\libs\opencv\include\opencv2\core\neon_utils.hpp">
			<Filter>addons\ofxOpenCv-contrib\libs\opencv\include\opencv2\core</Filter>
		</ClInclude>
		<ClInclude Include="..\..\..\addons\ofxOpenCv-contrib\libs\opencv\include\opencv2\core\ocl.hpp">
			<Filter>addons\ofxOpenCv-contrib\libs\opencv\include\opencv2\core</Filter>
		</ClInclude>
		<ClInclude Include="..\..\..\addons\ofxOpenCv-contrib\libs\opencv\include\opencv2\core\ocl_genbase.hpp">
			<Filter>addons\ofxOpenCv-contrib\libs\opencv\include\opencv2\core</Filter>
		</ClInclude>
		<ClInclude Include="..\..\..\addons\ofxOpenCv-contrib\libs\opencv\include\opencv2\core\opengl.hpp">
			<Filter>addons\ofxOpenCv-contrib\libs\opencv\include\opencv2\core</Filter>
		</ClInclude>
		<ClInclude Include="..\..\..\addons\ofxOpenCv-contrib\libs\opencv\include\opencv2\core\operations.hpp">
			<Filter>addons\ofxOpenCv-contrib\libs\opencv\include\opencv2\core</Filter>
		</ClInclude>
		<ClInclude Include="..\..\..\addons\ofxOpenCv-contrib\libs\opencv\include\opencv2\core\optim.hpp">
			<Filter>addons\ofxOpenCv-contrib\libs\opencv\include\opencv2\core</Filter>
		</ClInclude>
		<ClInclude Include="..\..\..\addons\ofxOpenCv-contrib\libs\opencv\include\opencv2\core\ovx.hpp">
			<Filter>addons\ofxOpenCv-contrib\libs\opencv\include\opencv2\core</Filter>
		</ClInclude>
		<ClInclude Include="..\..\..\addons\ofxOpenCv-contrib\libs\opencv\include\opencv2\core\persistence.hpp">
			<Filter>addons\ofxOpenCv-contrib\libs\opencv\include\opencv2\core</Filter>
		</ClInclude>
		<ClInclude Include="..\..\..\addons\ofxOpenCv-contrib\libs\opencv\include\opencv2\core\ptr.inl.hpp">
			<Filter>addons\ofxOpenCv-contrib\libs\opencv\include\opencv2\core</Filter>
		</ClInclude>
		<ClInclude Include="..\..\..\addons\ofxOpenCv-contrib\libs\opencv\include\opencv2\core\saturate.hpp">
			<Filter>addons\ofxOpenCv-contrib\libs\opencv\include\opencv2\core</Filter>
		</ClInclude>
		<ClInclude Include="..\..\..\addons\ofxOpenCv-contrib\libs\opencv\include\opencv2\core\softfloat.hpp">
			<Filter>addons\ofxOpenCv-contrib\libs\opencv\include\opencv2\core</Filter>
		</ClInclude>
		<ClInclude Include="..\..\..\addons\ofxOpenCv-contrib\libs\opencv\include\opencv2\core\sse_utils.hpp">
			<Filter>addons\ofxOpenCv-contrib\libs\opencv\include\opencv2\core</Filter>
		</ClInclude>
		<ClInclude Include="..\..\..\addons\ofxOpenCv-contrib\libs\opencv\include\opencv2\core\traits.hpp">
			<Filter>addons\ofxOpenCv-contrib\libs\opencv\include\opencv2\core</Filter>
		</ClInclude>
		<ClInclude Include="..\..\..\addons\ofxOpenCv-contrib\libs\opencv\include\opencv2\core\types.hpp">
			<Filter>addons\ofxOpenCv-contrib\libs\opencv\include\opencv2\core</Filter>
		</ClInclude>
		<ClInclude Include="..\..\..\addons\ofxOpenCv-contrib\libs\opencv\include\opencv2\core\types_c.h">
			<Filter>addons\ofxOpenCv-contrib\libs\opencv\include\opencv2\core</Filter>
		</ClInclude>
		<ClInclude Include="..\..\..\addons\ofxOpenCv-contrib\libs\opencv\include\opencv2\core\utility.hpp">
			<Filter>addons\ofxOpenCv-contrib\libs\opencv\include\opencv2\core</Filter>
		</ClInclude>
		<ClInclude Include="..\..\..\addons\ofxOpenCv-contrib\libs\opencv\include\opencv2\core\utils\filesystem.hpp">
			<Filter>addons\ofxOpenCv-contrib\libs\opencv\include\opencv2\core\utils</Filter>
		</ClInclude>
		<ClInclude Include="..\..\..\addons\ofxOpenCv-contrib\libs\opencv\include\opencv2\core\utils\logger.defines.hpp">
			<Filter>addons\ofxOpenCv-contrib\libs\opencv\include\opencv2\core\utils</Filter>
		</ClInclude>
		<ClInclude Include="..\..\..\addons\ofxOpenCv-contrib\libs\opencv\include\opencv2\core\utils\logger.hpp">
			<Filter>addons\ofxOpenCv-contrib\libs\opencv\include\opencv2\core\utils</Filter>
		</ClInclude>
		<ClInclude Include="..\..\..\addons\ofxOpenCv-contrib\libs\opencv\include\opencv2\core\utils\trace.hpp">
			<Filter>addons\ofxOpenCv-contrib\libs\opencv\include\opencv2\core\utils</Filter>
		</ClInclude>
		<ClInclude Include="..\..\..\addons\ofxOpenCv-contrib\libs\opencv\include\opencv2\core\va_intel.hpp">
			<Filter>addons\ofxOpenCv-contrib\libs\opencv\include\opencv2\core</Filter>
		</ClInclude>
		<ClInclude Include="..\..\..\addons\ofxOpenCv-contrib\libs\opencv\include\opencv2\core\version.hpp">
			<Filter>addons\ofxOpenCv-contrib\libs\opencv\include\opencv2\core</Filter>
		</ClInclude>
		<ClInclude Include="..\..\..\addons\ofxOpenCv-contrib\libs\opencv\include\opencv2\core\vsx_utils.hpp">
			<Filter>addons\ofxOpenCv-contrib\libs\opencv\include\opencv2\core</Filter>
		</ClInclude>
		<ClInclude Include="..\..\..\addons\ofxOpenCv-contrib\libs\opencv\include\opencv2\core\wimage.hpp">
			<Filter>addons\ofxOpenCv-contrib\libs\opencv\include\opencv2\core</Filter>
		</ClInclude>
		<ClInclude Include="..\..\..\addons\ofxOpenCv-contrib\libs\opencv\include\opencv2\core.hpp">
			<Filter>addons\ofxOpenCv-contrib\libs\opencv\include\opencv2</Filter>
		</ClInclude>
		<ClInclude Include="..\..\..\addons\ofxOpenCv-contrib\libs\opencv\include\opencv2\cvconfig.h">
			<Filter>addons\ofxOpenCv-contrib\libs\opencv\include\opencv2</Filter>
		</ClInclude>
		<ClInclude Include="..\..\..\addons\ofxOpenCv-contrib\libs\opencv\include\opencv2\datasets\ar_hmdb.hpp">
			<Filter>addons\ofxOpenCv-contrib\libs\opencv\include\opencv2\datasets</Filter>
		</ClInclude>
		<ClInclude Include="..\..\..\addons\ofxOpenCv-contrib\libs\opencv\include\opencv2\datasets\ar_sports.hpp">
			<Filter>addons\ofxOpenCv-contrib\libs\opencv\include\opencv2\datasets</Filter>
		</ClInclude>
		<ClInclude Include="..\..\..\addons\ofxOpenCv-contrib\libs\opencv\include\opencv2\datasets\dataset.hpp">
			<Filter>addons\ofxOpenCv-contrib\libs\opencv\include\opencv2\datasets</Filter>
		</ClInclude>
		<ClInclude Include="..\..\..\addons\ofxOpenCv-contrib\libs\opencv\include\opencv2\datasets\fr_adience.hpp">
			<Filter>addons\ofxOpenCv-contrib\libs\opencv\include\opencv2\datasets</Filter>
		</ClInclude>
		<ClInclude Include="..\..\..\addons\ofxOpenCv-contrib\libs\opencv\include\opencv2\datasets\fr_lfw.hpp">
			<Filter>addons\ofxOpenCv-contrib\libs\opencv\include\opencv2\datasets</Filter>
		</ClInclude>
		<ClInclude Include="..\..\..\addons\ofxOpenCv-contrib\libs\opencv\include\opencv2\datasets\gr_chalearn.hpp">
			<Filter>addons\ofxOpenCv-contrib\libs\opencv\include\opencv2\datasets</Filter>
		</ClInclude>
		<ClInclude Include="..\..\..\addons\ofxOpenCv-contrib\libs\opencv\include\opencv2\datasets\gr_skig.hpp">
			<Filter>addons\ofxOpenCv-contrib\libs\opencv\include\opencv2\datasets</Filter>
		</ClInclude>
		<ClInclude Include="..\..\..\addons\ofxOpenCv-contrib\libs\opencv\include\opencv2\datasets\hpe_humaneva.hpp">
			<Filter>addons\ofxOpenCv-contrib\libs\opencv\include\opencv2\datasets</Filter>
		</ClInclude>
		<ClInclude Include="..\..\..\addons\ofxOpenCv-contrib\libs\opencv\include\opencv2\datasets\hpe_parse.hpp">
			<Filter>addons\ofxOpenCv-contrib\libs\opencv\include\opencv2\datasets</Filter>
		</ClInclude>
		<ClInclude Include="..\..\..\addons\ofxOpenCv-contrib\libs\opencv\include\opencv2\datasets\ir_affine.hpp">
			<Filter>addons\ofxOpenCv-contrib\libs\opencv\include\opencv2\datasets</Filter>
		</ClInclude>
		<ClInclude Include="..\..\..\addons\ofxOpenCv-contrib\libs\opencv\include\opencv2\datasets\ir_robot.hpp">
			<Filter>addons\ofxOpenCv-contrib\libs\opencv\include\opencv2\datasets</Filter>
		</ClInclude>
		<ClInclude Include="..\..\..\addons\ofxOpenCv-contrib\libs\opencv\include\opencv2\datasets\is_bsds.hpp">
			<Filter>addons\ofxOpenCv-contrib\libs\opencv\include\opencv2\datasets</Filter>
		</ClInclude>
		<ClInclude Include="..\..\..\addons\ofxOpenCv-contrib\libs\opencv\include\opencv2\datasets\is_weizmann.hpp">
			<Filter>addons\ofxOpenCv-contrib\libs\opencv\include\opencv2\datasets</Filter>
		</ClInclude>
		<ClInclude Include="..\..\..\addons\ofxOpenCv-contrib\libs\opencv\include\opencv2\datasets\msm_epfl.hpp">
			<Filter>addons\ofxOpenCv-contrib\libs\opencv\include\opencv2\datasets</Filter>
		</ClInclude>
		<ClInclude Include="..\..\..\addons\ofxOpenCv-contrib\libs\opencv\include\opencv2\datasets\msm_middlebury.hpp">
			<Filter>addons\ofxOpenCv-contrib\libs\opencv\include\opencv2\datasets</Filter>
		</ClInclude>
		<ClInclude Include="..\..\..\addons\ofxOpenCv-contrib\libs\opencv\include\opencv2\datasets\or_imagenet.hpp">
			<Filter>addons\ofxOpenCv-contrib\libs\opencv\include\opencv2\datasets</Filter>
		</ClInclude>
		<ClInclude Include="..\..\..\addons\ofxOpenCv-contrib\libs\opencv\include\opencv2\datasets\or_mnist.hpp">
			<Filter>addons\ofxOpenCv-contrib\libs\opencv\include\opencv2\datasets</Filter>
		</ClInclude>
		<ClInclude Include="..\..\..\addons\ofxOpenCv-contrib\libs\opencv\include\opencv2\datasets\or_pascal.hpp">
			<Filter>addons\ofxOpenCv-contrib\libs\opencv\include\opencv2\datasets</Filter>
		</ClInclude>
		<ClInclude Include="..\..\..\addons\ofxOpenCv-contrib\libs\opencv\include\opencv2\datasets\or_sun.hpp">
			<Filter>addons\ofxOpenCv-contrib\libs\opencv\include\opencv2\datasets</Filter>
		</ClInclude>
		<ClInclude Include="..\..\..\addons\ofxOpenCv-contrib\libs\opencv\include\opencv2\datasets\pd_caltech.hpp">
			<Filter>addons\ofxOpenCv-contrib\libs\opencv\include\opencv2\datasets</Filter>
		</ClInclude>
		<ClInclude Include="..\..\..\addons\ofxOpenCv-contrib\libs\opencv\include\opencv2\datasets\pd_inria.hpp">
			<Filter>addons\ofxOpenCv-contrib\libs\opencv\include\opencv2\datasets</Filter>
		</ClInclude>
		<ClInclude Include="..\..\..\addons\ofxOpenCv-contrib\libs\opencv\include\opencv2\datasets\slam_kitti.hpp">
			<Filter>addons\ofxOpenCv-contrib\libs\opencv\include\opencv2\datasets</Filter>
		</ClInclude>
		<ClInclude Include="..\..\..\addons\ofxOpenCv-contrib\libs\opencv\include\opencv2\datasets\slam_tumindoor.hpp">
			<Filter>addons\ofxOpenCv-contrib\libs\opencv\include\opencv2\datasets</Filter>
		</ClInclude>
		<ClInclude Include="..\..\..\addons\ofxOpenCv-contrib\libs\opencv\include\opencv2\datasets\track_alov.hpp">
			<Filter>addons\ofxOpenCv-contrib\libs\opencv\include\opencv2\datasets</Filter>
		</ClInclude>
		<ClInclude Include="..\..\..\addons\ofxOpenCv-contrib\libs\opencv\include\opencv2\datasets\track_vot.hpp">
			<Filter>addons\ofxOpenCv-contrib\libs\opencv\include\opencv2\datasets</Filter>
		</ClInclude>
		<ClInclude Include="..\..\..\addons\ofxOpenCv-contrib\libs\opencv\include\opencv2\datasets\tr_chars.hpp">
			<Filter>addons\ofxOpenCv-contrib\libs\opencv\include\opencv2\datasets</Filter>
		</ClInclude>
		<ClInclude Include="..\..\..\addons\ofxOpenCv-contrib\libs\opencv\include\opencv2\datasets\tr_icdar.hpp">
			<Filter>addons\ofxOpenCv-contrib\libs\opencv\include\opencv2\datasets</Filter>
		</ClInclude>
		<ClInclude Include="..\..\..\addons\ofxOpenCv-contrib\libs\opencv\include\opencv2\datasets\tr_svt.hpp">
			<Filter>addons\ofxOpenCv-contrib\libs\opencv\include\opencv2\datasets</Filter>
		</ClInclude>
		<ClInclude Include="..\..\..\addons\ofxOpenCv-contrib\libs\opencv\include\opencv2\datasets\util.hpp">
			<Filter>addons\ofxOpenCv-contrib\libs\opencv\include\opencv2\datasets</Filter>
		</ClInclude>
		<ClInclude Include="..\..\..\addons\ofxOpenCv-contrib\libs\opencv\include\opencv2\dpm.hpp">
			<Filter>addons\ofxOpenCv-contrib\libs\opencv\include\opencv2</Filter>
		</ClInclude>
		<ClInclude Include="..\..\..\addons\ofxOpenCv-contrib\libs\opencv\include\opencv2\face\bif.hpp">
			<Filter>addons\ofxOpenCv-contrib\libs\opencv\include\opencv2\face</Filter>
		</ClInclude>
		<ClInclude Include="..\..\..\addons\ofxOpenCv-contrib\libs\opencv\include\opencv2\face\facemark.hpp">
			<Filter>addons\ofxOpenCv-contrib\libs\opencv\include\opencv2\face</Filter>
		</ClInclude>
		<ClInclude Include="..\..\..\addons\ofxOpenCv-contrib\libs\opencv\include\opencv2\face\facemarkAAM.hpp">
			<Filter>addons\ofxOpenCv-contrib\libs\opencv\include\opencv2\face</Filter>
		</ClInclude>
		<ClInclude Include="..\..\..\addons\ofxOpenCv-contrib\libs\opencv\include\opencv2\face\facemarkLBF.hpp">
			<Filter>addons\ofxOpenCv-contrib\libs\opencv\include\opencv2\face</Filter>
		</ClInclude>
		<ClInclude Include="..\..\..\addons\ofxOpenCv-contrib\libs\opencv\include\opencv2\face\facemark_train.hpp">
			<Filter>addons\ofxOpenCv-contrib\libs\opencv\include\opencv2\face</Filter>
		</ClInclude>
		<ClInclude Include="..\..\..\addons\ofxOpenCv-contrib\libs\opencv\include\opencv2\face\facerec.hpp">
			<Filter>addons\ofxOpenCv-contrib\libs\opencv\include\opencv2\face</Filter>
		</ClInclude>
		<ClInclude Include="..\..\..\addons\ofxOpenCv-contrib\libs\opencv\include\opencv2\face\face_alignment.hpp">
			<Filter>addons\ofxOpenCv-contrib\libs\opencv\include\opencv2\face</Filter>
		</ClInclude>
		<ClInclude Include="..\..\..\addons\ofxOpenCv-contrib\libs\opencv\include\opencv2\face\mace.hpp">
			<Filter>addons\ofxOpenCv-contrib\libs\opencv\include\opencv2\face</Filter>
		</ClInclude>
		<ClInclude Include="..\..\..\addons\ofxOpenCv-contrib\libs\opencv\include\opencv2\face\predict_collector.hpp">
			<Filter>addons\ofxOpenCv-contrib\libs\opencv\include\opencv2\face</Filter>
		</ClInclude>
		<ClInclude Include="..\..\..\addons\ofxOpenCv-contrib\libs\opencv\include\opencv2\face.hpp">
			<Filter>addons\ofxOpenCv-contrib\libs\opencv\include\opencv2</Filter>
		</ClInclude>
		<ClInclude Include="..\..\..\addons\ofxOpenCv-contrib\libs\opencv\include\opencv2\features2d\features2d.hpp">
			<Filter>addons\ofxOpenCv-contrib\libs\opencv\include\opencv2\features2d</Filter>
		</ClInclude>
		<ClInclude Include="..\..\..\addons\ofxOpenCv-contrib\libs\opencv\include\opencv2\features2d\hal\interface.h">
			<Filter>addons\ofxOpenCv-contrib\libs\opencv\include\opencv2\features2d\hal</Filter>
		</ClInclude>
		<ClInclude Include="..\..\..\addons\ofxOpenCv-contrib\libs\opencv\include\opencv2\features2d.hpp">
			<Filter>addons\ofxOpenCv-contrib\libs\opencv\include\opencv2</Filter>
		</ClInclude>
		<ClInclude Include="..\..\..\addons\ofxOpenCv-contrib\libs\opencv\include\opencv2\flann\allocator.h">
			<Filter>addons\ofxOpenCv-contrib\libs\opencv\include\opencv2\flann</Filter>
		</ClInclude>
		<ClInclude Include="..\..\..\addons\ofxOpenCv-contrib\libs\opencv\include\opencv2\flann\all_indices.h">
			<Filter>addons\ofxOpenCv-contrib\libs\opencv\include\opencv2\flann</Filter>
		</ClInclude>
		<ClInclude Include="..\..\..\addons\ofxOpenCv-contrib\libs\opencv\include\opencv2\flann\any.h">
			<Filter>addons\ofxOpenCv-contrib\libs\opencv\include\opencv2\flann</Filter>
		</ClInclude>
		<ClInclude Include="..\..\..\addons\ofxOpenCv-contrib\libs\opencv\include\opencv2\flann\autotuned_index.h">
			<Filter>addons\ofxOpenCv-contrib\libs\opencv\include\opencv2\flann</Filter>
		</ClInclude>
		<ClInclude Include="..\..\..\addons\ofxOpenCv-contrib\libs\opencv\include\opencv2\flann\composite_index.h">
			<Filter>addons\ofxOpenCv-contrib\libs\opencv\include\opencv2\flann</Filter>
		</ClInclude>
		<ClInclude Include="..\..\..\addons\ofxOpenCv-contrib\libs\opencv\include\opencv2\flann\config.h">
			<Filter>addons\ofxOpenCv-contrib\libs\opencv\include\opencv2\flann</Filter>
		</ClInclude>
		<ClInclude Include="..\..\..\addons\ofxOpenCv-contrib\libs\opencv\include\opencv2\flann\defines.h">
			<Filter>addons\ofxOpenCv-contrib\libs\opencv\include\opencv2\flann</Filter>
		</ClInclude>
		<ClInclude Include="..\..\..\addons\ofxOpenCv-contrib\libs\opencv\include\opencv2\flann\dist.h">
			<Filter>addons\ofxOpenCv-contrib\libs\opencv\include\opencv2\flann</Filter>
		</ClInclude>
		<ClInclude Include="..\..\..\addons\ofxOpenCv-contrib\libs\opencv\include\opencv2\flann\dummy.h">
			<Filter>addons\ofxOpenCv-contrib\libs\opencv\include\opencv2\flann</Filter>
		</ClInclude>
		<ClInclude Include="..\..\..\addons\ofxOpenCv-contrib\libs\opencv\include\opencv2\flann\dynamic_bitset.h">
			<Filter>addons\ofxOpenCv-contrib\libs\opencv\include\opencv2\flann</Filter>
		</ClInclude>
		<ClInclude Include="..\..\..\addons\ofxOpenCv-contrib\libs\opencv\include\opencv2\flann\flann.hpp">
			<Filter>addons\ofxOpenCv-contrib\libs\opencv\include\opencv2\flann</Filter>
		</ClInclude>
		<ClInclude Include="..\..\..\addons\ofxOpenCv-contrib\libs\opencv\include\opencv2\flann\flann_base.hpp">
			<Filter>addons\ofxOpenCv-contrib\libs\opencv\include\opencv2\flann</Filter>
		</ClInclude>
		<ClInclude Include="..\..\..\addons\ofxOpenCv-contrib\libs\opencv\include\opencv2\flann\general.h">
			<Filter>addons\ofxOpenCv-contrib\libs\opencv\include\opencv2\flann</Filter>
		</ClInclude>
		<ClInclude Include="..\..\..\addons\ofxOpenCv-contrib\libs\opencv\include\opencv2\flann\ground_truth.h">
			<Filter>addons\ofxOpenCv-contrib\libs\opencv\include\opencv2\flann</Filter>
		</ClInclude>
		<ClInclude Include="..\..\..\addons\ofxOpenCv-contrib\libs\opencv\include\opencv2\flann\hdf5.h">
			<Filter>addons\ofxOpenCv-contrib\libs\opencv\include\opencv2\flann</Filter>
		</ClInclude>
		<ClInclude Include="..\..\..\addons\ofxOpenCv-contrib\libs\opencv\include\opencv2\flann\heap.h">
			<Filter>addons\ofxOpenCv-contrib\libs\opencv\include\opencv2\flann</Filter>
		</ClInclude>
		<ClInclude Include="..\..\..\addons\ofxOpenCv-contrib\libs\opencv\include\opencv2\flann\hierarchical_clustering_index.h">
			<Filter>addons\ofxOpenCv-contrib\libs\opencv\include\opencv2\flann</Filter>
		</ClInclude>
		<ClInclude Include="..\..\..\addons\ofxOpenCv-contrib\libs\opencv\include\opencv2\flann\index_testing.h">
			<Filter>addons\ofxOpenCv-contrib\libs\opencv\include\opencv2\flann</Filter>
		</ClInclude>
		<ClInclude Include="..\..\..\addons\ofxOpenCv-contrib\libs\opencv\include\opencv2\flann\kdtree_index.h">
			<Filter>addons\ofxOpenCv-contrib\libs\opencv\include\opencv2\flann</Filter>
		</ClInclude>
		<ClInclude Include="..\..\..\addons\ofxOpenCv-contrib\libs\opencv\include\opencv2\flann\kdtree_single_index.h">
			<Filter>addons\ofxOpenCv-contrib\libs\opencv\include\opencv2\flann</Filter>
		</ClInclude>
		<ClInclude Include="..\..\..\addons\ofxOpenCv-contrib\libs\opencv\include\opencv2\flann\kmeans_index.h">
			<Filter>addons\ofxOpenCv-contrib\libs\opencv\include\opencv2\flann</Filter>
		</ClInclude>
		<ClInclude Include="..\..\..\addons\ofxOpenCv-contrib\libs\opencv\include\opencv2\flann\linear_index.h">
			<Filter>addons\ofxOpenCv-contrib\libs\opencv\include\opencv2\flann</Filter>
		</ClInclude>
		<ClInclude Include="..\..\..\addons\ofxOpenCv-contrib\libs\opencv\include\opencv2\flann\logger.h">
			<Filter>addons\ofxOpenCv-contrib\libs\opencv\include\opencv2\flann</Filter>
		</ClInclude>
		<ClInclude Include="..\..\..\addons\ofxOpenCv-contrib\libs\opencv\include\opencv2\flann\lsh_index.h">
			<Filter>addons\ofxOpenCv-contrib\libs\opencv\include\opencv2\flann</Filter>
		</ClInclude>
		<ClInclude Include="..\..\..\addons\ofxOpenCv-contrib\libs\opencv\include\opencv2\flann\lsh_table.h">
			<Filter>addons\ofxOpenCv-contrib\libs\opencv\include\opencv2\flann</Filter>
		</ClInclude>
		<ClInclude Include="..\..\..\addons\ofxOpenCv-contrib\libs\opencv\include\opencv2\flann\matrix.h">
			<Filter>addons\ofxOpenCv-contrib\libs\opencv\include\opencv2\flann</Filter>
		</ClInclude>
		<ClInclude Include="..\..\..\addons\ofxOpenCv-contrib\libs\opencv\include\opencv2\flann\miniflann.hpp">
			<Filter>addons\ofxOpenCv-contrib\libs\opencv\include\opencv2\flann</Filter>
		</ClInclude>
		<ClInclude Include="..\..\..\addons\ofxOpenCv-contrib\libs\opencv\include\opencv2\flann\nn_index.h">
			<Filter>addons\ofxOpenCv-contrib\libs\opencv\include\opencv2\flann</Filter>
		</ClInclude>
		<ClInclude Include="..\..\..\addons\ofxOpenCv-contrib\libs\opencv\include\opencv2\flann\object_factory.h">
			<Filter>addons\ofxOpenCv-contrib\libs\opencv\include\opencv2\flann</Filter>
		</ClInclude>
		<ClInclude Include="..\..\..\addons\ofxOpenCv-contrib\libs\opencv\include\opencv2\flann\params.h">
			<Filter>addons\ofxOpenCv-contrib\libs\opencv\include\opencv2\flann</Filter>
		</ClInclude>
		<ClInclude Include="..\..\..\addons\ofxOpenCv-contrib\libs\opencv\include\opencv2\flann\random.h">
			<Filter>addons\ofxOpenCv-contrib\libs\opencv\include\opencv2\flann</Filter>
		</ClInclude>
		<ClInclude Include="..\..\..\addons\ofxOpenCv-contrib\libs\opencv\include\opencv2\flann\result_set.h">
			<Filter>addons\ofxOpenCv-contrib\libs\opencv\include\opencv2\flann</Filter>
		</ClInclude>
		<ClInclude Include="..\..\..\addons\ofxOpenCv-contrib\libs\opencv\include\opencv2\flann\sampling.h">
			<Filter>addons\ofxOpenCv-contrib\libs\opencv\include\opencv2\flann</Filter>
		</ClInclude>
		<ClInclude Include="..\..\..\addons\ofxOpenCv-contrib\libs\opencv\include\opencv2\flann\saving.h">
			<Filter>addons\ofxOpenCv-contrib\libs\opencv\include\opencv2\flann</Filter>
		</ClInclude>
		<ClInclude Include="..\..\..\addons\ofxOpenCv-contrib\libs\opencv\include\opencv2\flann\simplex_downhill.h">
			<Filter>addons\ofxOpenCv-contrib\libs\opencv\include\opencv2\flann</Filter>
		</ClInclude>
		<ClInclude Include="..\..\..\addons\ofxOpenCv-contrib\libs\opencv\include\opencv2\flann\timer.h">
			<Filter>addons\ofxOpenCv-contrib\libs\opencv\include\opencv2\flann</Filter>
		</ClInclude>
		<ClInclude Include="..\..\..\addons\ofxOpenCv-contrib\libs\opencv\include\opencv2\flann.hpp">
			<Filter>addons\ofxOpenCv-contrib\libs\opencv\include\opencv2</Filter>
		</ClInclude>
		<ClInclude Include="..\..\..\addons\ofxOpenCv-contrib\libs\opencv\include\opencv2\fuzzy\fuzzy_F0_math.hpp">
			<Filter>addons\ofxOpenCv-contrib\libs\opencv\include\opencv2\fuzzy</Filter>
		</ClInclude>
		<ClInclude Include="..\..\..\addons\ofxOpenCv-contrib\libs\opencv\include\opencv2\fuzzy\fuzzy_F1_math.hpp">
			<Filter>addons\ofxOpenCv-contrib\libs\opencv\include\opencv2\fuzzy</Filter>
		</ClInclude>
		<ClInclude Include="..\..\..\addons\ofxOpenCv-contrib\libs\opencv\include\opencv2\fuzzy\fuzzy_image.hpp">
			<Filter>addons\ofxOpenCv-contrib\libs\opencv\include\opencv2\fuzzy</Filter>
		</ClInclude>
		<ClInclude Include="..\..\..\addons\ofxOpenCv-contrib\libs\opencv\include\opencv2\fuzzy\types.hpp">
			<Filter>addons\ofxOpenCv-contrib\libs\opencv\include\opencv2\fuzzy</Filter>
		</ClInclude>
		<ClInclude Include="..\..\..\addons\ofxOpenCv-contrib\libs\opencv\include\opencv2\fuzzy.hpp">
			<Filter>addons\ofxOpenCv-contrib\libs\opencv\include\opencv2</Filter>
		</ClInclude>
		<ClInclude Include="..\..\..\addons\ofxOpenCv-contrib\libs\opencv\include\opencv2\hfs.hpp">
			<Filter>addons\ofxOpenCv-contrib\libs\opencv\include\opencv2</Filter>
		</ClInclude>
		<ClInclude Include="..\..\..\addons\ofxOpenCv-contrib\libs\opencv\include\opencv2\highgui\highgui.hpp">
			<Filter>addons\ofxOpenCv-contrib\libs\opencv\include\opencv2\highgui</Filter>
		</ClInclude>
		<ClInclude Include="..\..\..\addons\ofxOpenCv-contrib\libs\opencv\include\opencv2\highgui\highgui_c.h">
			<Filter>addons\ofxOpenCv-contrib\libs\opencv\include\opencv2\highgui</Filter>
		</ClInclude>
		<ClInclude Include="..\..\..\addons\ofxOpenCv-contrib\libs\opencv\include\opencv2\highgui.hpp">
			<Filter>addons\ofxOpenCv-contrib\libs\opencv\include\opencv2</Filter>
		</ClInclude>
		<ClInclude Include="..\..\..\addons\ofxOpenCv-contrib\libs\opencv\include\opencv2\imgcodecs\imgcodecs.hpp">
			<Filter>addons\ofxOpenCv-contrib\libs\opencv\include\opencv2\imgcodecs</Filter>
		</ClInclude>
		<ClInclude Include="..\..\..\addons\ofxOpenCv-contrib\libs\opencv\include\opencv2\imgcodecs\imgcodecs_c.h">
			<Filter>addons\ofxOpenCv-contrib\libs\opencv\include\opencv2\imgcodecs</Filter>
		</ClInclude>
		<ClInclude Include="..\..\..\addons\ofxOpenCv-contrib\libs\opencv\include\opencv2\imgcodecs\ios.h">
			<Filter>addons\ofxOpenCv-contrib\libs\opencv\include\opencv2\imgcodecs</Filter>
		</ClInclude>
		<ClInclude Include="..\..\..\addons\ofxOpenCv-contrib\libs\opencv\include\opencv2\imgcodecs.hpp">
			<Filter>addons\ofxOpenCv-contrib\libs\opencv\include\opencv2</Filter>
		</ClInclude>
		<ClInclude Include="..\..\..\addons\ofxOpenCv-contrib\libs\opencv\include\opencv2\imgproc\detail\distortion_model.hpp">
			<Filter>addons\ofxOpenCv-contrib\libs\opencv\include\opencv2\imgproc\detail</Filter>
		</ClInclude>
		<ClInclude Include="..\..\..\addons\ofxOpenCv-contrib\libs\opencv\include\opencv2\imgproc\hal\hal.hpp">
			<Filter>addons\ofxOpenCv-contrib\libs\opencv\include\opencv2\imgproc\hal</Filter>
		</ClInclude>
		<ClInclude Include="..\..\..\addons\ofxOpenCv-contrib\libs\opencv\include\opencv2\imgproc\hal\interface.h">
			<Filter>addons\ofxOpenCv-contrib\libs\opencv\include\opencv2\imgproc\hal</Filter>
		</ClInclude>
		<ClInclude Include="..\..\..\addons\ofxOpenCv-contrib\libs\opencv\include\opencv2\imgproc\imgproc.hpp">
			<Filter>addons\ofxOpenCv-contrib\libs\opencv\include\opencv2\imgproc</Filter>
		</ClInclude>
		<ClInclude Include="..\..\..\addons\ofxOpenCv-contrib\libs\opencv\include\opencv2\imgproc\imgproc_c.h">
			<Filter>addons\ofxOpenCv-contrib\libs\opencv\include\opencv2\imgproc</Filter>
		</ClInclude>
		<ClInclude Include="..\..\..\addons\ofxOpenCv-contrib\libs\opencv\include\opencv2\imgproc\types_c.h">
			<Filter>addons\ofxOpenCv-contrib\libs\opencv\include\opencv2\imgproc</Filter>
		</ClInclude>
		<ClInclude Include="..\..\..\addons\ofxOpenCv-contrib\libs\opencv\include\opencv2\imgproc.hpp">
			<Filter>addons\ofxOpenCv-contrib\libs\opencv\include\opencv2</Filter>
		</ClInclude>
		<ClInclude Include="..\..\..\addons\ofxOpenCv-contrib\libs\opencv\include\opencv2\img_hash\average_hash.hpp">
			<Filter>addons\ofxOpenCv-contrib\libs\opencv\include\opencv2\img_hash</Filter>
		</ClInclude>
		<ClInclude Include="..\..\..\addons\ofxOpenCv-contrib\libs\opencv\include\opencv2\img_hash\block_mean_hash.hpp">
			<Filter>addons\ofxOpenCv-contrib\libs\opencv\include\opencv2\img_hash</Filter>
		</ClInclude>
		<ClInclude Include="..\..\..\addons\ofxOpenCv-contrib\libs\opencv\include\opencv2\img_hash\color_moment_hash.hpp">
			<Filter>addons\ofxOpenCv-contrib\libs\opencv\include\opencv2\img_hash</Filter>
		</ClInclude>
		<ClInclude Include="..\..\..\addons\ofxOpenCv-contrib\libs\opencv\include\opencv2\img_hash\img_hash_base.hpp">
			<Filter>addons\ofxOpenCv-contrib\libs\opencv\include\opencv2\img_hash</Filter>
		</ClInclude>
		<ClInclude Include="..\..\..\addons\ofxOpenCv-contrib\libs\opencv\include\opencv2\img_hash\marr_hildreth_hash.hpp">
			<Filter>addons\ofxOpenCv-contrib\libs\opencv\include\opencv2\img_hash</Filter>
		</ClInclude>
		<ClInclude Include="..\..\..\addons\ofxOpenCv-contrib\libs\opencv\include\opencv2\img_hash\phash.hpp">
			<Filter>addons\ofxOpenCv-contrib\libs\opencv\include\opencv2\img_hash</Filter>
		</ClInclude>
		<ClInclude Include="..\..\..\addons\ofxOpenCv-contrib\libs\opencv\include\opencv2\img_hash\radial_variance_hash.hpp">
			<Filter>addons\ofxOpenCv-contrib\libs\opencv\include\opencv2\img_hash</Filter>
		</ClInclude>
		<ClInclude Include="..\..\..\addons\ofxOpenCv-contrib\libs\opencv\include\opencv2\img_hash.hpp">
			<Filter>addons\ofxOpenCv-contrib\libs\opencv\include\opencv2</Filter>
		</ClInclude>
		<ClInclude Include="..\..\..\addons\ofxOpenCv-contrib\libs\opencv\include\opencv2\line_descriptor\descriptor.hpp">
			<Filter>addons\ofxOpenCv-contrib\libs\opencv\include\opencv2\line_descriptor</Filter>
		</ClInclude>
		<ClInclude Include="..\..\..\addons\ofxOpenCv-contrib\libs\opencv\include\opencv2\line_descriptor.hpp">
			<Filter>addons\ofxOpenCv-contrib\libs\opencv\include\opencv2</Filter>
		</ClInclude>
		<ClInclude Include="..\..\..\addons\ofxOpenCv-contrib\libs\opencv\include\opencv2\ml\ml.hpp">
			<Filter>addons\ofxOpenCv-contrib\libs\opencv\include\opencv2\ml</Filter>
		</ClInclude>
		<ClInclude Include="..\..\..\addons\ofxOpenCv-contrib\libs\opencv\include\opencv2\ml\ml.inl.hpp">
			<Filter>addons\ofxOpenCv-contrib\libs\opencv\include\opencv2\ml</Filter>
		</ClInclude>
		<ClInclude Include="..\..\..\addons\ofxOpenCv-contrib\libs\opencv\include\opencv2\ml.hpp">
			<Filter>addons\ofxOpenCv-contrib\libs\opencv\include\opencv2</Filter>
		</ClInclude>
		<ClInclude Include="..\..\..\addons\ofxOpenCv-contrib\libs\opencv\include\opencv2\objdetect\detection_based_tracker.hpp">
			<Filter>addons\ofxOpenCv-contrib\libs\opencv\include\opencv2\objdetect</Filter>
		</ClInclude>
		<ClInclude Include="..\..\..\addons\ofxOpenCv-contrib\libs\opencv\include\opencv2\objdetect\objdetect.hpp">
			<Filter>addons\ofxOpenCv-contrib\libs\opencv\include\opencv2\objdetect</Filter>
		</ClInclude>
		<ClInclude Include="..\..\..\addons\ofxOpenCv-contrib\libs\opencv\include\opencv2\objdetect\objdetect_c.h">
			<Filter>addons\ofxOpenCv-contrib\libs\opencv\include\opencv2\objdetect</Filter>
		</ClInclude>
		<ClInclude Include="..\..\..\addons\ofxOpenCv-contrib\libs\opencv\include\opencv2\objdetect.hpp">
			<Filter>addons\ofxOpenCv-contrib\libs\opencv\include\opencv2</Filter>
		</ClInclude>
		<ClInclude Include="..\..\..\addons\ofxOpenCv-contrib\libs\opencv\include\opencv2\opencv.hpp">
			<Filter>addons\ofxOpenCv-contrib\libs\opencv\include\opencv2</Filter>
		</ClInclude>
		<ClInclude Include="..\..\..\addons\ofxOpenCv-contrib\libs\opencv\include\opencv2\opencv_modules.hpp">
			<Filter>addons\ofxOpenCv-contrib\libs\opencv\include\opencv2</Filter>
		</ClInclude>
		<ClInclude Include="..\..\..\addons\ofxOpenCv-contrib\libs\opencv\include\opencv2\optflow\motempl.hpp">
			<Filter>addons\ofxOpenCv-contrib\libs\opencv\include\opencv2\optflow</Filter>
		</ClInclude>
		<ClInclude Include="..\..\..\addons\ofxOpenCv-contrib\libs\opencv\include\opencv2\optflow\pcaflow.hpp">
			<Filter>addons\ofxOpenCv-contrib\libs\opencv\include\opencv2\optflow</Filter>
		</ClInclude>
		<ClInclude Include="..\..\..\addons\ofxOpenCv-contrib\libs\opencv\include\opencv2\optflow\sparse_matching_gpc.hpp">
			<Filter>addons\ofxOpenCv-contrib\libs\opencv\include\opencv2\optflow</Filter>
		</ClInclude>
		<ClInclude Include="..\..\..\addons\ofxOpenCv-contrib\libs\opencv\include\opencv2\optflow.hpp">
			<Filter>addons\ofxOpenCv-contrib\libs\opencv\include\opencv2</Filter>
		</ClInclude>
		<ClInclude Include="..\..\..\addons\ofxOpenCv-contrib\libs\opencv\include\opencv2\phase_unwrapping\histogramphaseunwrapping.hpp">
			<Filter>addons\ofxOpenCv-contrib\libs\opencv\include\opencv2\phase_unwrapping</Filter>
		</ClInclude>
		<ClInclude Include="..\..\..\addons\ofxOpenCv-contrib\libs\opencv\include\opencv2\phase_unwrapping\phase_unwrapping.hpp">
			<Filter>addons\ofxOpenCv-contrib\libs\opencv\include\opencv2\phase_unwrapping</Filter>
		</ClInclude>
		<ClInclude Include="..\..\..\addons\ofxOpenCv-contrib\libs\opencv\include\opencv2\phase_unwrapping.hpp">
			<Filter>addons\ofxOpenCv-contrib\libs\opencv\include\opencv2</Filter>
		</ClInclude>
		<ClInclude Include="..\..\..\addons\ofxOpenCv-contrib\libs\opencv\include\opencv2\photo\cuda.hpp">
			<Filter>addons\ofxOpenCv-contrib\libs\opencv\include\opencv2\photo</Filter>
		</ClInclude>
		<ClInclude Include="..\..\..\addons\ofxOpenCv-contrib\libs\opencv\include\opencv2\photo\photo.hpp">
			<Filter>addons\ofxOpenCv-contrib\libs\opencv\include\opencv2\photo</Filter>
		</ClInclude>
		<ClInclude Include="..\..\..\addons\ofxOpenCv-contrib\libs\opencv\include\opencv2\photo\photo_c.h">
			<Filter>addons\ofxOpenCv-contrib\libs\opencv\include\opencv2\photo</Filter>
		</ClInclude>
		<ClInclude Include="..\..\..\addons\ofxOpenCv-contrib\libs\opencv\include\opencv2\photo.hpp">
			<Filter>addons\ofxOpenCv-contrib\libs\opencv\include\opencv2</Filter>
		</ClInclude>
		<ClInclude Include="..\..\..\addons\ofxOpenCv-contrib\libs\opencv\include\opencv2\plot.hpp">
			<Filter>addons\ofxOpenCv-contrib\libs\opencv\include\opencv2</Filter>
		</ClInclude>
		<ClInclude Include="..\..\..\addons\ofxOpenCv-contrib\libs\opencv\include\opencv2\reg\map.hpp">
			<Filter>addons\ofxOpenCv-contrib\libs\opencv\include\opencv2\reg</Filter>
		</ClInclude>
		<ClInclude Include="..\..\..\addons\ofxOpenCv-contrib\libs\opencv\include\opencv2\reg\mapaffine.hpp">
			<Filter>addons\ofxOpenCv-contrib\libs\opencv\include\opencv2\reg</Filter>
		</ClInclude>
		<ClInclude Include="..\..\..\addons\ofxOpenCv-contrib\libs\opencv\include\opencv2\reg\mapper.hpp">
			<Filter>addons\ofxOpenCv-contrib\libs\opencv\include\opencv2\reg</Filter>
		</ClInclude>
		<ClInclude Include="..\..\..\addons\ofxOpenCv-contrib\libs\opencv\include\opencv2\reg\mappergradaffine.hpp">
			<Filter>addons\ofxOpenCv-contrib\libs\opencv\include\opencv2\reg</Filter>
		</ClInclude>
		<ClInclude Include="..\..\..\addons\ofxOpenCv-contrib\libs\opencv\include\opencv2\reg\mappergradeuclid.hpp">
			<Filter>addons\ofxOpenCv-contrib\libs\opencv\include\opencv2\reg</Filter>
		</ClInclude>
		<ClInclude Include="..\..\..\addons\ofxOpenCv-contrib\libs\opencv\include\opencv2\reg\mappergradproj.hpp">
			<Filter>addons\ofxOpenCv-contrib\libs\opencv\include\opencv2\reg</Filter>
		</ClInclude>
		<ClInclude Include="..\..\..\addons\ofxOpenCv-contrib\libs\opencv\include\opencv2\reg\mappergradshift.hpp">
			<Filter>addons\ofxOpenCv-contrib\libs\opencv\include\opencv2\reg</Filter>
		</ClInclude>
		<ClInclude Include="..\..\..\addons\ofxOpenCv-contrib\libs\opencv\include\opencv2\reg\mappergradsimilar.hpp">
			<Filter>addons\ofxOpenCv-contrib\libs\opencv\include\opencv2\reg</Filter>
		</ClInclude>
		<ClInclude Include="..\..\..\addons\ofxOpenCv-contrib\libs\opencv\include\opencv2\reg\mapperpyramid.hpp">
			<Filter>addons\ofxOpenCv-contrib\libs\opencv\include\opencv2\reg</Filter>
		</ClInclude>
		<ClInclude Include="..\..\..\addons\ofxOpenCv-contrib\libs\opencv\include\opencv2\reg\mapprojec.hpp">
			<Filter>addons\ofxOpenCv-contrib\libs\opencv\include\opencv2\reg</Filter>
		</ClInclude>
		<ClInclude Include="..\..\..\addons\ofxOpenCv-contrib\libs\opencv\include\opencv2\reg\mapshift.hpp">
			<Filter>addons\ofxOpenCv-contrib\libs\opencv\include\opencv2\reg</Filter>
		</ClInclude>
		<ClInclude Include="..\..\..\addons\ofxOpenCv-contrib\libs\opencv\include\opencv2\rgbd\linemod.hpp">
			<Filter>addons\ofxOpenCv-contrib\libs\opencv\include\opencv2\rgbd</Filter>
		</ClInclude>
		<ClInclude Include="..\..\..\addons\ofxOpenCv-contrib\libs\opencv\include\opencv2\rgbd.hpp">
			<Filter>addons\ofxOpenCv-contrib\libs\opencv\include\opencv2</Filter>
		</ClInclude>
		<ClInclude Include="..\..\..\addons\ofxOpenCv-contrib\libs\opencv\include\opencv2\saliency\saliencyBaseClasses.hpp">
			<Filter>addons\ofxOpenCv-contrib\libs\opencv\include\opencv2\saliency</Filter>
		</ClInclude>
		<ClInclude Include="..\..\..\addons\ofxOpenCv-contrib\libs\opencv\include\opencv2\saliency\saliencySpecializedClasses.hpp">
			<Filter>addons\ofxOpenCv-contrib\libs\opencv\include\opencv2\saliency</Filter>
		</ClInclude>
		<ClInclude Include="..\..\..\addons\ofxOpenCv-contrib\libs\opencv\include\opencv2\saliency.hpp">
			<Filter>addons\ofxOpenCv-contrib\libs\opencv\include\opencv2</Filter>
		</ClInclude>
		<ClInclude Include="..\..\..\addons\ofxOpenCv-contrib\libs\opencv\include\opencv2\shape\emdL1.hpp">
			<Filter>addons\ofxOpenCv-contrib\libs\opencv\include\opencv2\shape</Filter>
		</ClInclude>
		<ClInclude Include="..\..\..\addons\ofxOpenCv-contrib\libs\opencv\include\opencv2\shape\hist_cost.hpp">
			<Filter>addons\ofxOpenCv-contrib\libs\opencv\include\opencv2\shape</Filter>
		</ClInclude>
		<ClInclude Include="..\..\..\addons\ofxOpenCv-contrib\libs\opencv\include\opencv2\shape\shape.hpp">
			<Filter>addons\ofxOpenCv-contrib\libs\opencv\include\opencv2\shape</Filter>
		</ClInclude>
		<ClInclude Include="..\..\..\addons\ofxOpenCv-contrib\libs\opencv\include\opencv2\shape\shape_distance.hpp">
			<Filter>addons\ofxOpenCv-contrib\libs\opencv\include\opencv2\shape</Filter>
		</ClInclude>
		<ClInclude Include="..\..\..\addons\ofxOpenCv-contrib\libs\opencv\include\opencv2\shape\shape_transformer.hpp">
			<Filter>addons\ofxOpenCv-contrib\libs\opencv\include\opencv2\shape</Filter>
		</ClInclude>
		<ClInclude Include="..\..\..\addons\ofxOpenCv-contrib\libs\opencv\include\opencv2\shape.hpp">
			<Filter>addons\ofxOpenCv-contrib\libs\opencv\include\opencv2</Filter>
		</ClInclude>
		<ClInclude Include="..\..\..\addons\ofxOpenCv-contrib\libs\opencv\include\opencv2\stereo\descriptor.hpp">
			<Filter>addons\ofxOpenCv-contrib\libs\opencv\include\opencv2\stereo</Filter>
		</ClInclude>
		<ClInclude Include="..\..\..\addons\ofxOpenCv-contrib\libs\opencv\include\opencv2\stereo\matching.hpp">
			<Filter>addons\ofxOpenCv-contrib\libs\opencv\include\opencv2\stereo</Filter>
		</ClInclude>
		<ClInclude Include="..\..\..\addons\ofxOpenCv-contrib\libs\opencv\include\opencv2\stereo\stereo.hpp">
			<Filter>addons\ofxOpenCv-contrib\libs\opencv\include\opencv2\stereo</Filter>
		</ClInclude>
		<ClInclude Include="..\..\..\addons\ofxOpenCv-contrib\libs\opencv\include\opencv2\stereo.hpp">
			<Filter>addons\ofxOpenCv-contrib\libs\opencv\include\opencv2</Filter>
		</ClInclude>
		<ClInclude Include="..\..\..\addons\ofxOpenCv-contrib\libs\opencv\include\opencv2\stitching\detail\autocalib.hpp">
			<Filter>addons\ofxOpenCv-contrib\libs\opencv\include\opencv2\stitching\detail</Filter>
		</ClInclude>
		<ClInclude Include="..\..\..\addons\ofxOpenCv-contrib\libs\opencv\include\opencv2\stitching\detail\blenders.hpp">
			<Filter>addons\ofxOpenCv-contrib\libs\opencv\include\opencv2\stitching\detail</Filter>
		</ClInclude>
		<ClInclude Include="..\..\..\addons\ofxOpenCv-contrib\libs\opencv\include\opencv2\stitching\detail\camera.hpp">
			<Filter>addons\ofxOpenCv-contrib\libs\opencv\include\opencv2\stitching\detail</Filter>
		</ClInclude>
		<ClInclude Include="..\..\..\addons\ofxOpenCv-contrib\libs\opencv\include\opencv2\stitching\detail\exposure_compensate.hpp">
			<Filter>addons\ofxOpenCv-contrib\libs\opencv\include\opencv2\stitching\detail</Filter>
		</ClInclude>
		<ClInclude Include="..\..\..\addons\ofxOpenCv-contrib\libs\opencv\include\opencv2\stitching\detail\matchers.hpp">
			<Filter>addons\ofxOpenCv-contrib\libs\opencv\include\opencv2\stitching\detail</Filter>
		</ClInclude>
		<ClInclude Include="..\..\..\addons\ofxOpenCv-contrib\libs\opencv\include\opencv2\stitching\detail\motion_estimators.hpp">
			<Filter>addons\ofxOpenCv-contrib\libs\opencv\include\opencv2\stitching\detail</Filter>
		</ClInclude>
		<ClInclude Include="..\..\..\addons\ofxOpenCv-contrib\libs\opencv\include\opencv2\stitching\detail\seam_finders.hpp">
			<Filter>addons\ofxOpenCv-contrib\libs\opencv\include\opencv2\stitching\detail</Filter>
		</ClInclude>
		<ClInclude Include="..\..\..\addons\ofxOpenCv-contrib\libs\opencv\include\opencv2\stitching\detail\timelapsers.hpp">
			<Filter>addons\ofxOpenCv-contrib\libs\opencv\include\opencv2\stitching\detail</Filter>
		</ClInclude>
		<ClInclude Include="..\..\..\addons\ofxOpenCv-contrib\libs\opencv\include\opencv2\stitching\detail\util.hpp">
			<Filter>addons\ofxOpenCv-contrib\libs\opencv\include\opencv2\stitching\detail</Filter>
		</ClInclude>
		<ClInclude Include="..\..\..\addons\ofxOpenCv-contrib\libs\opencv\include\opencv2\stitching\detail\util_inl.hpp">
			<Filter>addons\ofxOpenCv-contrib\libs\opencv\include\opencv2\stitching\detail</Filter>
		</ClInclude>
		<ClInclude Include="..\..\..\addons\ofxOpenCv-contrib\libs\opencv\include\opencv2\stitching\detail\warpers.hpp">
			<Filter>addons\ofxOpenCv-contrib\libs\opencv\include\opencv2\stitching\detail</Filter>
		</ClInclude>
		<ClInclude Include="..\..\..\addons\ofxOpenCv-contrib\libs\opencv\include\opencv2\stitching\detail\warpers_inl.hpp">
			<Filter>addons\ofxOpenCv-contrib\libs\opencv\include\opencv2\stitching\detail</Filter>
		</ClInclude>
		<ClInclude Include="..\..\..\addons\ofxOpenCv-contrib\libs\opencv\include\opencv2\stitching\warpers.hpp">
			<Filter>addons\ofxOpenCv-contrib\libs\opencv\include\opencv2\stitching</Filter>
		</ClInclude>
		<ClInclude Include="..\..\..\addons\ofxOpenCv-contrib\libs\opencv\include\opencv2\stitching.hpp">
			<Filter>addons\ofxOpenCv-contrib\libs\opencv\include\opencv2</Filter>
		</ClInclude>
		<ClInclude Include="..\..\..\addons\ofxOpenCv-contrib\libs\opencv\include\opencv2\structured_light\graycodepattern.hpp">
			<Filter>addons\ofxOpenCv-contrib\libs\opencv\include\opencv2\structured_light</Filter>
		</ClInclude>
		<ClInclude Include="..\..\..\addons\ofxOpenCv-contrib\libs\opencv\include\opencv2\structured_light\sinusoidalpattern.hpp">
			<Filter>addons\ofxOpenCv-contrib\libs\opencv\include\opencv2\structured_light</Filter>
		</ClInclude>
		<ClInclude Include="..\..\..\addons\ofxOpenCv-contrib\libs\opencv\include\opencv2\structured_light\structured_light.hpp">
			<Filter>addons\ofxOpenCv-contrib\libs\opencv\include\opencv2\structured_light</Filter>
		</ClInclude>
		<ClInclude Include="..\..\..\addons\ofxOpenCv-contrib\libs\opencv\include\opencv2\structured_light.hpp">
			<Filter>addons\ofxOpenCv-contrib\libs\opencv\include\opencv2</Filter>
		</ClInclude>
		<ClInclude Include="..\..\..\addons\ofxOpenCv-contrib\libs\opencv\include\opencv2\superres\optical_flow.hpp">
			<Filter>addons\ofxOpenCv-contrib\libs\opencv\include\opencv2\superres</Filter>
		</ClInclude>
		<ClInclude Include="..\..\..\addons\ofxOpenCv-contrib\libs\opencv\include\opencv2\superres.hpp">
			<Filter>addons\ofxOpenCv-contrib\libs\opencv\include\opencv2</Filter>
		</ClInclude>
		<ClInclude Include="..\..\..\addons\ofxOpenCv-contrib\libs\opencv\include\opencv2\surface_matching\icp.hpp">
			<Filter>addons\ofxOpenCv-contrib\libs\opencv\include\opencv2\surface_matching</Filter>
		</ClInclude>
		<ClInclude Include="..\..\..\addons\ofxOpenCv-contrib\libs\opencv\include\opencv2\surface_matching\pose_3d.hpp">
			<Filter>addons\ofxOpenCv-contrib\libs\opencv\include\opencv2\surface_matching</Filter>
		</ClInclude>
		<ClInclude Include="..\..\..\addons\ofxOpenCv-contrib\libs\opencv\include\opencv2\surface_matching\ppf_helpers.hpp">
			<Filter>addons\ofxOpenCv-contrib\libs\opencv\include\opencv2\surface_matching</Filter>
		</ClInclude>
		<ClInclude Include="..\..\..\addons\ofxOpenCv-contrib\libs\opencv\include\opencv2\surface_matching\ppf_match_3d.hpp">
			<Filter>addons\ofxOpenCv-contrib\libs\opencv\include\opencv2\surface_matching</Filter>
		</ClInclude>
		<ClInclude Include="..\..\..\addons\ofxOpenCv-contrib\libs\opencv\include\opencv2\surface_matching\t_hash_int.hpp">
			<Filter>addons\ofxOpenCv-contrib\libs\opencv\include\opencv2\surface_matching</Filter>
		</ClInclude>
		<ClInclude Include="..\..\..\addons\ofxOpenCv-contrib\libs\opencv\include\opencv2\surface_matching.hpp">
			<Filter>addons\ofxOpenCv-contrib\libs\opencv\include\opencv2</Filter>
		</ClInclude>
		<ClInclude Include="..\..\..\addons\ofxOpenCv-contrib\libs\opencv\include\opencv2\tracking\feature.hpp">
			<Filter>addons\ofxOpenCv-contrib\libs\opencv\include\opencv2\tracking</Filter>
		</ClInclude>
		<ClInclude Include="..\..\..\addons\ofxOpenCv-contrib\libs\opencv\include\opencv2\tracking\kalman_filters.hpp">
			<Filter>addons\ofxOpenCv-contrib\libs\opencv\include\opencv2\tracking</Filter>
		</ClInclude>
		<ClInclude Include="..\..\..\addons\ofxOpenCv-contrib\libs\opencv\include\opencv2\tracking\onlineBoosting.hpp">
			<Filter>addons\ofxOpenCv-contrib\libs\opencv\include\opencv2\tracking</Filter>
		</ClInclude>
		<ClInclude Include="..\..\..\addons\ofxOpenCv-contrib\libs\opencv\include\opencv2\tracking\onlineMIL.hpp">
			<Filter>addons\ofxOpenCv-contrib\libs\opencv\include\opencv2\tracking</Filter>
		</ClInclude>
		<ClInclude Include="..\..\..\addons\ofxOpenCv-contrib\libs\opencv\include\opencv2\tracking\tldDataset.hpp">
			<Filter>addons\ofxOpenCv-contrib\libs\opencv\include\opencv2\tracking</Filter>
		</ClInclude>
		<ClInclude Include="..\..\..\addons\ofxOpenCv-contrib\libs\opencv\include\opencv2\tracking\tracker.hpp">
			<Filter>addons\ofxOpenCv-contrib\libs\opencv\include\opencv2\tracking</Filter>
		</ClInclude>
		<ClInclude Include="..\..\..\addons\ofxOpenCv-contrib\libs\opencv\include\opencv2\tracking\tracking.hpp">
			<Filter>addons\ofxOpenCv-contrib\libs\opencv\include\opencv2\tracking</Filter>
		</ClInclude>
		<ClInclude Include="..\..\..\addons\ofxOpenCv-contrib\libs\opencv\include\opencv2\tracking.hpp">
			<Filter>addons\ofxOpenCv-contrib\libs\opencv\include\opencv2</Filter>
		</ClInclude>
		<ClInclude Include="..\..\..\addons\ofxOpenCv-contrib\libs\opencv\include\opencv2\video\background_segm.hpp">
			<Filter>addons\ofxOpenCv-contrib\libs\opencv\include\opencv2\video</Filter>
		</ClInclude>
		<ClInclude Include="..\..\..\addons\ofxOpenCv-contrib\libs\opencv\include\opencv2\video\tracking.hpp">
			<Filter>addons\ofxOpenCv-contrib\libs\opencv\include\opencv2\video</Filter>
		</ClInclude>
		<ClInclude Include="..\..\..\addons\ofxOpenCv-contrib\libs\opencv\include\opencv2\video\tracking_c.h">
			<Filter>addons\ofxOpenCv-contrib\libs\opencv\include\opencv2\video</Filter>
		</ClInclude>
		<ClInclude Include="..\..\..\addons\ofxOpenCv-contrib\libs\opencv\include\opencv2\video\video.hpp">
			<Filter>addons\ofxOpenCv-contrib\libs\opencv\include\opencv2\video</Filter>
		</ClInclude>
		<ClInclude Include="..\..\..\addons\ofxOpenCv-contrib\libs\opencv\include\opencv2\video.hpp">
			<Filter>addons\ofxOpenCv-contrib\libs\opencv\include\opencv2</Filter>
		</ClInclude>
		<ClInclude Include="..\..\..\addons\ofxOpenCv-contrib\libs\opencv\include\opencv2\videoio\cap_ios.h">
			<Filter>addons\ofxOpenCv-contrib\libs\opencv\include\opencv2\videoio</Filter>
		</ClInclude>
		<ClInclude Include="..\..\..\addons\ofxOpenCv-contrib\libs\opencv\include\opencv2\videoio\videoio.hpp">
			<Filter>addons\ofxOpenCv-contrib\libs\opencv\include\opencv2\videoio</Filter>
		</ClInclude>
		<ClInclude Include="..\..\..\addons\ofxOpenCv-contrib\libs\opencv\include\opencv2\videoio\videoio_c.h">
			<Filter>addons\ofxOpenCv-contrib\libs\opencv\include\opencv2\videoio</Filter>
		</ClInclude>
		<ClInclude Include="..\..\..\addons\ofxOpenCv-contrib\libs\opencv\include\opencv2\videoio.hpp">
			<Filter>addons\ofxOpenCv-contrib\libs\opencv\include\opencv2</Filter>
		</ClInclude>
		<ClInclude Include="..\..\..\addons\ofxOpenCv-contrib\libs\opencv\include\opencv2\videostab\deblurring.hpp">
			<Filter>addons\ofxOpenCv-contrib\libs\opencv\include\opencv2\videostab</Filter>
		</ClInclude>
		<ClInclude Include="..\..\..\addons\ofxOpenCv-contrib\libs\opencv\include\opencv2\videostab\fast_marching.hpp">
			<Filter>addons\ofxOpenCv-contrib\libs\opencv\include\opencv2\videostab</Filter>
		</ClInclude>
		<ClInclude Include="..\..\..\addons\ofxOpenCv-contrib\libs\opencv\include\opencv2\videostab\fast_marching_inl.hpp">
			<Filter>addons\ofxOpenCv-contrib\libs\opencv\include\opencv2\videostab</Filter>
		</ClInclude>
		<ClInclude Include="..\..\..\addons\ofxOpenCv-contrib\libs\opencv\include\opencv2\videostab\frame_source.hpp">
			<Filter>addons\ofxOpenCv-contrib\libs\opencv\include\opencv2\videostab</Filter>
		</ClInclude>
		<ClInclude Include="..\..\..\addons\ofxOpenCv-contrib\libs\opencv\include\opencv2\videostab\global_motion.hpp">
			<Filter>addons\ofxOpenCv-contrib\libs\opencv\include\opencv2\videostab</Filter>
		</ClInclude>
		<ClInclude Include="..\..\..\addons\ofxOpenCv-contrib\libs\opencv\include\opencv2\videostab\inpainting.hpp">
			<Filter>addons\ofxOpenCv-contrib\libs\opencv\include\opencv2\videostab</Filter>
		</ClInclude>
		<ClInclude Include="..\..\..\addons\ofxOpenCv-contrib\libs\opencv\include\opencv2\videostab\log.hpp">
			<Filter>addons\ofxOpenCv-contrib\libs\opencv\include\opencv2\videostab</Filter>
		</ClInclude>
		<ClInclude Include="..\..\..\addons\ofxOpenCv-contrib\libs\opencv\include\opencv2\videostab\motion_core.hpp">
			<Filter>addons\ofxOpenCv-contrib\libs\opencv\include\opencv2\videostab</Filter>
		</ClInclude>
		<ClInclude Include="..\..\..\addons\ofxOpenCv-contrib\libs\opencv\include\opencv2\videostab\motion_stabilizing.hpp">
			<Filter>addons\ofxOpenCv-contrib\libs\opencv\include\opencv2\videostab</Filter>
		</ClInclude>
		<ClInclude Include="..\..\..\addons\ofxOpenCv-contrib\libs\opencv\include\opencv2\videostab\optical_flow.hpp">
			<Filter>addons\ofxOpenCv-contrib\libs\opencv\include\opencv2\videostab</Filter>
		</ClInclude>
		<ClInclude Include="..\..\..\addons\ofxOpenCv-contrib\libs\opencv\include\opencv2\videostab\outlier_rejection.hpp">
			<Filter>addons\ofxOpenCv-contrib\libs\opencv\include\opencv2\videostab</Filter>
		</ClInclude>
		<ClInclude Include="..\..\..\addons\ofxOpenCv-contrib\libs\opencv\include\opencv2\videostab\ring_buffer.hpp">
			<Filter>addons\ofxOpenCv-contrib\libs\opencv\include\opencv2\videostab</Filter>
		</ClInclude>
		<ClInclude Include="..\..\..\addons\ofxOpenCv-contrib\libs\opencv\include\opencv2\videostab\stabilizer.hpp">
			<Filter>addons\ofxOpenCv-contrib\libs\opencv\include\opencv2\videostab</Filter>
		</ClInclude>
		<ClInclude Include="..\..\..\addons\ofxOpenCv-contrib\libs\opencv\include\opencv2\videostab\wobble_suppression.hpp">
			<Filter>addons\ofxOpenCv-contrib\libs\opencv\include\opencv2\videostab</Filter>
		</ClInclude>
		<ClInclude Include="..\..\..\addons\ofxOpenCv-contrib\libs\opencv\include\opencv2\videostab.hpp">
			<Filter>addons\ofxOpenCv-contrib\libs\opencv\include\opencv2</Filter>
		</ClInclude>
		<ClInclude Include="..\..\..\addons\ofxOpenCv-contrib\libs\opencv\include\opencv2\world.hpp">
			<Filter>addons\ofxOpenCv-contrib\libs\opencv\include\opencv2</Filter>
		</ClInclude>
		<ClInclude Include="..\..\..\addons\ofxOpenCv-contrib\libs\opencv\include\opencv2\ximgproc\brightedges.hpp">
			<Filter>addons\ofxOpenCv-contrib\libs\opencv\include\opencv2\ximgproc</Filter>
		</ClInclude>
		<ClInclude Include="..\..\..\addons\ofxOpenCv-contrib\libs\opencv\include\opencv2\ximgproc\deriche_filter.hpp">
			<Filter>addons\ofxOpenCv-contrib\libs\opencv\include\opencv2\ximgproc</Filter>
		</ClInclude>
		<ClInclude Include="..\..\..\addons\ofxOpenCv-contrib\libs\opencv\include\opencv2\ximgproc\disparity_filter.hpp">
			<Filter>addons\ofxOpenCv-contrib\libs\opencv\include\opencv2\ximgproc</Filter>
		</ClInclude>
		<ClInclude Include="..\..\..\addons\ofxOpenCv-contrib\libs\opencv\include\opencv2\ximgproc\edgeboxes.hpp">
			<Filter>addons\ofxOpenCv-contrib\libs\opencv\include\opencv2\ximgproc</Filter>
		</ClInclude>
		<ClInclude Include="..\..\..\addons\ofxOpenCv-contrib\libs\opencv\include\opencv2\ximgproc\edge_filter.hpp">
			<Filter>addons\ofxOpenCv-contrib\libs\opencv\include\opencv2\ximgproc</Filter>
		</ClInclude>
		<ClInclude Include="..\..\..\addons\ofxOpenCv-contrib\libs\opencv\include\opencv2\ximgproc\estimated_covariance.hpp">
			<Filter>addons\ofxOpenCv-contrib\libs\opencv\include\opencv2\ximgproc</Filter>
		</ClInclude>
		<ClInclude Include="..\..\..\addons\ofxOpenCv-contrib\libs\opencv\include\opencv2\ximgproc\fast_hough_transform.hpp">
			<Filter>addons\ofxOpenCv-contrib\libs\opencv\include\opencv2\ximgproc</Filter>
		</ClInclude>
		<ClInclude Include="..\..\..\addons\ofxOpenCv-contrib\libs\opencv\include\opencv2\ximgproc\fast_line_detector.hpp">
			<Filter>addons\ofxOpenCv-contrib\libs\opencv\include\opencv2\ximgproc</Filter>
		</ClInclude>
		<ClInclude Include="..\..\..\addons\ofxOpenCv-contrib\libs\opencv\include\opencv2\ximgproc\fourier_descriptors.hpp">
			<Filter>addons\ofxOpenCv-contrib\libs\opencv\include\opencv2\ximgproc</Filter>
		</ClInclude>
		<ClInclude Include="..\..\..\addons\ofxOpenCv-contrib\libs\opencv\include\opencv2\ximgproc\lsc.hpp">
			<Filter>addons\ofxOpenCv-contrib\libs\opencv\include\opencv2\ximgproc</Filter>
		</ClInclude>
		<ClInclude Include="..\..\..\addons\ofxOpenCv-contrib\libs\opencv\include\opencv2\ximgproc\paillou_filter.hpp">
			<Filter>addons\ofxOpenCv-contrib\libs\opencv\include\opencv2\ximgproc</Filter>
		</ClInclude>
		<ClInclude Include="..\..\..\addons\ofxOpenCv-contrib\libs\opencv\include\opencv2\ximgproc\peilin.hpp">
			<Filter>addons\ofxOpenCv-contrib\libs\opencv\include\opencv2\ximgproc</Filter>
		</ClInclude>
		<ClInclude Include="..\..\..\addons\ofxOpenCv-contrib\libs\opencv\include\opencv2\ximgproc\ridgefilter.hpp">
			<Filter>addons\ofxOpenCv-contrib\libs\opencv\include\opencv2\ximgproc</Filter>
		</ClInclude>
		<ClInclude Include="..\..\..\addons\ofxOpenCv-contrib\libs\opencv\include\opencv2\ximgproc\seeds.hpp">
			<Filter>addons\ofxOpenCv-contrib\libs\opencv\include\opencv2\ximgproc</Filter>
		</ClInclude>
		<ClInclude Include="..\..\..\addons\ofxOpenCv-contrib\libs\opencv\include\opencv2\ximgproc\segmentation.hpp">
			<Filter>addons\ofxOpenCv-contrib\libs\opencv\include\opencv2\ximgproc</Filter>
		</ClInclude>
		<ClInclude Include="..\..\..\addons\ofxOpenCv-contrib\libs\opencv\include\opencv2\ximgproc\slic.hpp">
			<Filter>addons\ofxOpenCv-contrib\libs\opencv\include\opencv2\ximgproc</Filter>
		</ClInclude>
		<ClInclude Include="..\..\..\addons\ofxOpenCv-contrib\libs\opencv\include\opencv2\ximgproc\sparse_match_interpolator.hpp">
			<Filter>addons\ofxOpenCv-contrib\libs\opencv\include\opencv2\ximgproc</Filter>
		</ClInclude>
		<ClInclude Include="..\..\..\addons\ofxOpenCv-contrib\libs\opencv\include\opencv2\ximgproc\structured_edge_detection.hpp">
			<Filter>addons\ofxOpenCv-contrib\libs\opencv\include\opencv2\ximgproc</Filter>
		</ClInclude>
		<ClInclude Include="..\..\..\addons\ofxOpenCv-contrib\libs\opencv\include\opencv2\ximgproc\weighted_median_filter.hpp">
			<Filter>addons\ofxOpenCv-contrib\libs\opencv\include\opencv2\ximgproc</Filter>
		</ClInclude>
		<ClInclude Include="..\..\..\addons\ofxOpenCv-contrib\libs\opencv\include\opencv2\ximgproc.hpp">
			<Filter>addons\ofxOpenCv-contrib\libs\opencv\include\opencv2</Filter>
		</ClInclude>
		<ClInclude Include="..\..\..\addons\ofxOpenCv-contrib\libs\opencv\include\opencv2\xobjdetect.hpp">
			<Filter>addons\ofxOpenCv-contrib\libs\opencv\include\opencv2</Filter>
		</ClInclude>
		<ClInclude Include="..\..\..\addons\ofxOpenCv-contrib\libs\opencv\include\opencv2\xphoto\bm3d_image_denoising.hpp">
			<Filter>addons\ofxOpenCv-contrib\libs\opencv\include\opencv2\xphoto</Filter>
		</ClInclude>
		<ClInclude Include="..\..\..\addons\ofxOpenCv-contrib\libs\opencv\include\opencv2\xphoto\dct_image_denoising.hpp">
			<Filter>addons\ofxOpenCv-contrib\libs\opencv\include\opencv2\xphoto</Filter>
		</ClInclude>
		<ClInclude Include="..\..\..\addons\ofxOpenCv-contrib\libs\opencv\include\opencv2\xphoto\inpainting.hpp">
			<Filter>addons\ofxOpenCv-contrib\libs\opencv\include\opencv2\xphoto</Filter>
		</ClInclude>
		<ClInclude Include="..\..\..\addons\ofxOpenCv-contrib\libs\opencv\include\opencv2\xphoto\white_balance.hpp">
			<Filter>addons\ofxOpenCv-contrib\libs\opencv\include\opencv2\xphoto</Filter>
		</ClInclude>
		<ClInclude Include="..\..\..\addons\ofxOpenCv-contrib\libs\opencv\include\opencv2\xphoto.hpp">
			<Filter>addons\ofxOpenCv-contrib\libs\opencv\include\opencv2</Filter>
		</ClInclude>
		<ClInclude Include="..\..\..\addons\ofxOsc\src\ofxOsc.h">
			<Filter>addons\ofxOsc\src</Filter>
		</ClInclude>
		<ClInclude Include="..\..\..\addons\ofxOsc\src\ofxOscArg.h">
			<Filter>addons\ofxOsc\src</Filter>
		</ClInclude>
		<ClInclude Include="..\..\..\addons\ofxOsc\src\ofxOscBundle.h">
			<Filter>addons\ofxOsc\src</Filter>
		</ClInclude>
		<ClInclude Include="..\..\..\addons\ofxOsc\src\ofxOscMessage.h">
			<Filter>addons\ofxOsc\src</Filter>
		</ClInclude>
		<ClInclude Include="..\..\..\addons\ofxOsc\src\ofxOscParameterSync.h">
			<Filter>addons\ofxOsc\src</Filter>
		</ClInclude>
		<ClInclude Include="..\..\..\addons\ofxOsc\src\ofxOscReceiver.h">
			<Filter>addons\ofxOsc\src</Filter>
		</ClInclude>
		<ClInclude Include="..\..\..\addons\ofxOsc\src\ofxOscSender.h">
			<Filter>addons\ofxOsc\src</Filter>
		</ClInclude>
		<ClInclude Include="..\..\..\addons\ofxOsc\libs\oscpack\src\ip\IpEndpointName.h">
			<Filter>addons\ofxOsc\libs\oscpack\src\ip</Filter>
		</ClInclude>
		<ClInclude Include="..\..\..\addons\ofxOsc\libs\oscpack\src\ip\NetworkingUtils.h">
			<Filter>addons\ofxOsc\libs\oscpack\src\ip</Filter>
		</ClInclude>
		<ClInclude Include="..\..\..\addons\ofxOsc\libs\oscpack\src\ip\PacketListener.h">
			<Filter>addons\ofxOsc\libs\oscpack\src\ip</Filter>
		</ClInclude>
		<ClInclude Include="..\..\..\addons\ofxOsc\libs\oscpack\src\ip\TimerListener.h">
			<Filter>addons\ofxOsc\libs\oscpack\src\ip</Filter>
		</ClInclude>
		<ClInclude Include="..\..\..\addons\ofxOsc\libs\oscpack\src\ip\UdpSocket.h">
			<Filter>addons\ofxOsc\libs\oscpack\src\ip</Filter>
		</ClInclude>
		<ClInclude Include="..\..\..\addons\ofxOsc\libs\oscpack\src\osc\MessageMappingOscPacketListener.h">
			<Filter>addons\ofxOsc\libs\oscpack\src\osc</Filter>
		</ClInclude>
		<ClInclude Include="..\..\..\addons\ofxOsc\libs\oscpack\src\osc\OscException.h">
			<Filter>addons\ofxOsc\libs\oscpack\src\osc</Filter>
		</ClInclude>
		<ClInclude Include="..\..\..\addons\ofxOsc\libs\oscpack\src\osc\OscHostEndianness.h">
			<Filter>addons\ofxOsc\libs\oscpack\src\osc</Filter>
		</ClInclude>
		<ClInclude Include="..\..\..\addons\ofxOsc\libs\oscpack\src\osc\OscOutboundPacketStream.h">
			<Filter>addons\ofxOsc\libs\oscpack\src\osc</Filter>
		</ClInclude>
		<ClInclude Include="..\..\..\addons\ofxOsc\libs\oscpack\src\osc\OscPacketListener.h">
			<Filter>addons\ofxOsc\libs\oscpack\src\osc</Filter>
		</ClInclude>
		<ClInclude Include="..\..\..\addons\ofxOsc\libs\oscpack\src\osc\OscPrintReceivedElements.h">
			<Filter>addons\ofxOsc\libs\oscpack\src\osc</Filter>
		</ClInclude>
		<ClInclude Include="..\..\..\addons\ofxOsc\libs\oscpack\src\osc\OscReceivedElements.h">
			<Filter>addons\ofxOsc\libs\oscpack\src\osc</Filter>
		</ClInclude>
		<ClInclude Include="..\..\..\addons\ofxOsc\libs\oscpack\src\osc\OscTypes.h">
			<Filter>addons\ofxOsc\libs\oscpack\src\osc</Filter>
		</ClInclude>
	</ItemGroup>
	<ItemGroup>
		<ResourceCompile Include="icon.rc" />
	</ItemGroup>
</Project>
